
Microsoft Visual Studio Solution File, Format Version 12.00
# Visual Studio Version 17
VisualStudioVersion = 17.5.33516.290
MinimumVisualStudioVersion = 10.0.40219.1
Project("{8BC9CEB8-8B4A-11D0-8D11-00A0C91BC942}") = "Main", "Main.vcxproj", "{83C6A8DE-5418-41B5-BD9C-471F99FEAAA0}"
EndProject
Project("{9A19103F-16F7-4668-BE54-9A1E7A4F7556}") = "MUnique.Client.Library", "..\ClientLibrary\MUnique.Client.Library.csproj", "{599D63E9-4BAB-44DC-AB6E-287C2A869CE4}"
EndProject
Project("{2150E333-8FDC-42A3-9474-1A3956D46DE8}") = "Solution Items", "Solution Items", "{75D681EF-0E4D-4D9C-B262-C6B94119CEB7}"
	ProjectSection(SolutionItems) = preProject
		..\README.md = ..\README.md
	EndProjectSection
EndProject
Project("{2150E333-8FDC-42A3-9474-1A3956D46DE8}") = "Tools", "Tools", "{BDAADE0E-F32A-4E29-B879-1958B43F4139}"
EndProject
Project("{FAE04EC0-301F-11D3-BF4B-00C04F79EFBC}") = "ConstantsReplacer", "..\ConstantsReplacer\ConstantsReplacer.csproj", "{BACA0C7F-CB97-4CB8-B620-9EF6EA9FCDE2}"
EndProject
Global
	GlobalSection(SolutionConfigurationPlatforms) = preSolution
		Debug|Any CPU = Debug|Any CPU
		Debug|x86 = Debug|x86
		Global Debug|Any CPU = Global Debug|Any CPU
		Global Debug|x86 = Global Debug|x86
		Global Release|Any CPU = Global Release|Any CPU
		Global Release|x86 = Global Release|x86
		Release|Any CPU = Release|Any CPU
		Release|x86 = Release|x86
	EndGlobalSection
	GlobalSection(ProjectConfigurationPlatforms) = postSolution
		{83C6A8DE-5418-41B5-BD9C-471F99FEAAA0}.Debug|Any CPU.ActiveCfg = Global Debug|Win32
		{83C6A8DE-5418-41B5-BD9C-471F99FEAAA0}.Debug|Any CPU.Build.0 = Global Debug|Win32
		{83C6A8DE-5418-41B5-BD9C-471F99FEAAA0}.Debug|x86.ActiveCfg = Global Debug|Win32
		{83C6A8DE-5418-41B5-BD9C-471F99FEAAA0}.Debug|x86.Build.0 = Global Debug|Win32
		{83C6A8DE-5418-41B5-BD9C-471F99FEAAA0}.Global Debug|Any CPU.ActiveCfg = Global Debug|Win32
		{83C6A8DE-5418-41B5-BD9C-471F99FEAAA0}.Global Debug|Any CPU.Build.0 = Global Debug|Win32
		{83C6A8DE-5418-41B5-BD9C-471F99FEAAA0}.Global Debug|x86.ActiveCfg = Global Debug|Win32
		{83C6A8DE-5418-41B5-BD9C-471F99FEAAA0}.Global Debug|x86.Build.0 = Global Debug|Win32
		{83C6A8DE-5418-41B5-BD9C-471F99FEAAA0}.Global Release|Any CPU.ActiveCfg = Global Release|Win32
		{83C6A8DE-5418-41B5-BD9C-471F99FEAAA0}.Global Release|Any CPU.Build.0 = Global Release|Win32
		{83C6A8DE-5418-41B5-BD9C-471F99FEAAA0}.Global Release|x86.ActiveCfg = Global Release|Win32
		{83C6A8DE-5418-41B5-BD9C-471F99FEAAA0}.Global Release|x86.Build.0 = Global Release|Win32
		{83C6A8DE-5418-41B5-BD9C-471F99FEAAA0}.Release|Any CPU.ActiveCfg = Global Release|Win32
		{83C6A8DE-5418-41B5-BD9C-471F99FEAAA0}.Release|Any CPU.Build.0 = Global Release|Win32
		{83C6A8DE-5418-41B5-BD9C-471F99FEAAA0}.Release|x86.ActiveCfg = Global Release|Win32
		{83C6A8DE-5418-41B5-BD9C-471F99FEAAA0}.Release|x86.Build.0 = Global Release|Win32
		{599D63E9-4BAB-44DC-AB6E-287C2A869CE4}.Debug|Any CPU.ActiveCfg = Debug|Any CPU
		{599D63E9-4BAB-44DC-AB6E-287C2A869CE4}.Debug|Any CPU.Build.0 = Debug|Any CPU
		{599D63E9-4BAB-44DC-AB6E-287C2A869CE4}.Debug|x86.ActiveCfg = Debug|Any CPU
		{599D63E9-4BAB-44DC-AB6E-287C2A869CE4}.Debug|x86.Build.0 = Debug|Any CPU
		{599D63E9-4BAB-44DC-AB6E-287C2A869CE4}.Global Debug|Any CPU.ActiveCfg = Debug|Any CPU
		{599D63E9-4BAB-44DC-AB6E-287C2A869CE4}.Global Debug|Any CPU.Build.0 = Debug|Any CPU
		{599D63E9-4BAB-44DC-AB6E-287C2A869CE4}.Global Debug|x86.ActiveCfg = Debug|Any CPU
		{599D63E9-4BAB-44DC-AB6E-287C2A869CE4}.Global Debug|x86.Build.0 = Debug|Any CPU
		{599D63E9-4BAB-44DC-AB6E-287C2A869CE4}.Global Release|Any CPU.ActiveCfg = Release|Any CPU
		{599D63E9-4BAB-44DC-AB6E-287C2A869CE4}.Global Release|Any CPU.Build.0 = Release|Any CPU
		{599D63E9-4BAB-44DC-AB6E-287C2A869CE4}.Global Release|x86.ActiveCfg = Release|Any CPU
		{599D63E9-4BAB-44DC-AB6E-287C2A869CE4}.Global Release|x86.Build.0 = Release|Any CPU
		{599D63E9-4BAB-44DC-AB6E-287C2A869CE4}.Release|Any CPU.ActiveCfg = Release|Any CPU
		{599D63E9-4BAB-44DC-AB6E-287C2A869CE4}.Release|Any CPU.Build.0 = Release|Any CPU
		{599D63E9-4BAB-44DC-AB6E-287C2A869CE4}.Release|x86.ActiveCfg = Release|Any CPU
		{599D63E9-4BAB-44DC-AB6E-287C2A869CE4}.Release|x86.Build.0 = Release|Any CPU
		{BACA0C7F-CB97-4CB8-B620-9EF6EA9FCDE2}.Debug|Any CPU.ActiveCfg = Debug|Any CPU
		{BACA0C7F-CB97-4CB8-B620-9EF6EA9FCDE2}.Debug|Any CPU.Build.0 = Debug|Any CPU
		{BACA0C7F-CB97-4CB8-B620-9EF6EA9FCDE2}.Debug|x86.ActiveCfg = Debug|Any CPU
		{BACA0C7F-CB97-4CB8-B620-9EF6EA9FCDE2}.Debug|x86.Build.0 = Debug|Any CPU
		{BACA0C7F-CB97-4CB8-B620-9EF6EA9FCDE2}.Global Debug|Any CPU.ActiveCfg = Debug|Any CPU
		{BACA0C7F-CB97-4CB8-B620-9EF6EA9FCDE2}.Global Debug|Any CPU.Build.0 = Debug|Any CPU
		{BACA0C7F-CB97-4CB8-B620-9EF6EA9FCDE2}.Global Debug|x86.ActiveCfg = Debug|Any CPU
		{BACA0C7F-CB97-4CB8-B620-9EF6EA9FCDE2}.Global Debug|x86.Build.0 = Debug|Any CPU
		{BACA0C7F-CB97-4CB8-B620-9EF6EA9FCDE2}.Global Release|Any CPU.ActiveCfg = Release|Any CPU
		{BACA0C7F-CB97-4CB8-B620-9EF6EA9FCDE2}.Global Release|Any CPU.Build.0 = Release|Any CPU
		{BACA0C7F-CB97-4CB8-B620-9EF6EA9FCDE2}.Global Release|x86.ActiveCfg = Release|Any CPU
		{BACA0C7F-CB97-4CB8-B620-9EF6EA9FCDE2}.Global Release|x86.Build.0 = Release|Any CPU
		{BACA0C7F-CB97-4CB8-B620-9EF6EA9FCDE2}.Release|Any CPU.ActiveCfg = Release|Any CPU
		{BACA0C7F-CB97-4CB8-B620-9EF6EA9FCDE2}.Release|Any CPU.Build.0 = Release|Any CPU
		{BACA0C7F-CB97-4CB8-B620-9EF6EA9FCDE2}.Release|x86.ActiveCfg = Release|Any CPU
		{BACA0C7F-CB97-4CB8-B620-9EF6EA9FCDE2}.Release|x86.Build.0 = Release|Any CPU
	EndGlobalSection
	GlobalSection(SolutionProperties) = preSolution
		HideSolutionNode = FALSE
	EndGlobalSection
	GlobalSection(NestedProjects) = preSolution
		{BACA0C7F-CB97-4CB8-B620-9EF6EA9FCDE2} = {BDAADE0E-F32A-4E29-B879-1958B43F4139}
	EndGlobalSection
	GlobalSection(ExtensibilityGlobals) = postSolution
		SolutionGuid = {46CBD986-0778-4FA7-8B9E-62CE67735BE4}
	EndGlobalSection
EndGlobal
