<?xml version="1.0" encoding="utf-8"?>
<Project ToolsVersion="4.0" xmlns="http://schemas.microsoft.com/developer/msbuild/2003">
  <ItemGroup>
    <Filter Include="Resource Files">
      <UniqueIdentifier>{60be10b2-b0d1-4d2d-9777-88fc89d417a3}</UniqueIdentifier>
      <Extensions>ico;cur;bmp;dlg;rc2;rct;bin;rgs;gif;jpg;jpeg;jpe</Extensions>
    </Filter>
    <Filter Include="MU">
      <UniqueIdentifier>{00d02322-d5fd-4b86-8b06-3ad0936dd70a}</UniqueIdentifier>
    </Filter>
    <Filter Include="Utilities">
      <UniqueIdentifier>{1a7667a9-0f3c-4e7e-b90e-24b53dc23a71}</UniqueIdentifier>
    </Filter>
    <Filter Include="Utilities\log">
      <UniqueIdentifier>{70fde5e0-b183-4fdb-a534-652e7a8caafc}</UniqueIdentifier>
    </Filter>
    <Filter Include="Utilities\memory">
      <UniqueIdentifier>{842676d0-97dc-418a-ae84-69610ecb5343}</UniqueIdentifier>
    </Filter>
    <Filter Include="External Object">
      <UniqueIdentifier>{c68b5a58-e20a-44b4-90bc-cda094cf209c}</UniqueIdentifier>
    </Filter>
    <Filter Include="External Object\ResourceGuard">
      <UniqueIdentifier>{729d2c04-2c9e-4d9b-8dce-8db0a3694f9e}</UniqueIdentifier>
    </Filter>
    <Filter Include="External Object\ResourceGuard\Script">
      <UniqueIdentifier>{2718e24a-c1cb-4ff0-b5e0-52d91f9a454d}</UniqueIdentifier>
    </Filter>
    <Filter Include="External Object\nprotect">
      <UniqueIdentifier>{80e06668-3db6-4d70-ba6d-56e474349b72}</UniqueIdentifier>
    </Filter>
    <Filter Include="MU\Map">
      <UniqueIdentifier>{5aa75a27-0693-4a7a-8730-3acdb2238b30}</UniqueIdentifier>
    </Filter>
    <Filter Include="MU\Load">
      <UniqueIdentifier>{02285ab0-a8d5-4147-8fe1-3212fd290ddd}</UniqueIdentifier>
    </Filter>
    <Filter Include="MU\Character">
      <UniqueIdentifier>{40d08960-a0c1-4906-a754-f6b54225859e}</UniqueIdentifier>
    </Filter>
    <Filter Include="MU\Skill">
      <UniqueIdentifier>{1b93627f-0459-47db-acdb-d438e33ff987}</UniqueIdentifier>
    </Filter>
    <Filter Include="MU\Guild">
      <UniqueIdentifier>{aa6fcfe7-9900-45fd-a583-f58d8f5bfa3b}</UniqueIdentifier>
    </Filter>
    <Filter Include="MU\Sound">
      <UniqueIdentifier>{bb394fb2-52ff-44d8-b94c-022ca3a635a8}</UniqueIdentifier>
    </Filter>
    <Filter Include="MU\Buff">
      <UniqueIdentifier>{f42ce68d-c805-4b89-a15f-e46ba93dcca7}</UniqueIdentifier>
    </Filter>
    <Filter Include="MU\Effect">
      <UniqueIdentifier>{6c987b5a-2e03-4c6a-a301-b2c11ebca53e}</UniqueIdentifier>
    </Filter>
    <Filter Include="MU\Item">
      <UniqueIdentifier>{54ca1f2b-c45b-4af4-81d7-a5e3e79579c9}</UniqueIdentifier>
    </Filter>
    <Filter Include="MU\Text">
      <UniqueIdentifier>{7314845e-484c-41f7-909e-2d1a1e88b5a5}</UniqueIdentifier>
    </Filter>
    <Filter Include="MU\Text\MultiLanguageSystem">
      <UniqueIdentifier>{33c1fb94-54e8-4254-b333-43a472d04842}</UniqueIdentifier>
    </Filter>
    <Filter Include="MU\Map\NewMap">
      <UniqueIdentifier>{f912360d-43e2-43cc-83cd-c011db7a286b}</UniqueIdentifier>
    </Filter>
    <Filter Include="MU\Map\NewMap\MapExpress">
      <UniqueIdentifier>{5500398e-32eb-4034-b4e9-bb022f3c5f8e}</UniqueIdentifier>
    </Filter>
    <Filter Include="MU\Graphic">
      <UniqueIdentifier>{279a9f26-baa3-4b5a-9595-9b6c04505f2a}</UniqueIdentifier>
    </Filter>
    <Filter Include="MU\Graphic\2D">
      <UniqueIdentifier>{37a925da-57d0-4472-ac23-284c2a225ef3}</UniqueIdentifier>
    </Filter>
    <Filter Include="MU\Graphic\2D\2d_resource">
      <UniqueIdentifier>{d50e9e14-72fa-42c6-b195-ee9c444b6232}</UniqueIdentifier>
    </Filter>
    <Filter Include="MU\Graphic\Vector">
      <UniqueIdentifier>{4276e326-0e3f-4949-9b61-e9928243cc21}</UniqueIdentifier>
    </Filter>
    <Filter Include="MU\Common">
      <UniqueIdentifier>{fbe110ab-d140-4d7f-9b72-767b617ed27b}</UniqueIdentifier>
    </Filter>
    <Filter Include="MU\Interface">
      <UniqueIdentifier>{887c5199-d23d-4651-a566-8faa9a52f70a}</UniqueIdentifier>
    </Filter>
    <Filter Include="MU\Interface\ui">
      <UniqueIdentifier>{211b3ece-e00c-4dd0-8d38-04362dbc33fc}</UniqueIdentifier>
    </Filter>
    <Filter Include="MU\Interface\NewUI">
      <UniqueIdentifier>{6a68301a-bbcc-488d-8a17-775a2d1c3508}</UniqueIdentifier>
    </Filter>
    <Filter Include="MU\Interface\NewUI\EventMapUI">
      <UniqueIdentifier>{2f4e1f59-143d-4aa4-9172-f3826c950b96}</UniqueIdentifier>
    </Filter>
    <Filter Include="MU\Interface\NewUI\EventMapUI\CursedTemple">
      <UniqueIdentifier>{7b4f1476-ea1c-4a52-ab12-525fd94d7793}</UniqueIdentifier>
    </Filter>
    <Filter Include="MU\Interface\NewUI\EventMapUI\ChaosCastle">
      <UniqueIdentifier>{2adb5d67-33da-4482-a7d4-75e0306cb768}</UniqueIdentifier>
    </Filter>
    <Filter Include="MU\Interface\NewUI\EventMapUI\BloodCastle">
      <UniqueIdentifier>{10e09dd5-226c-4eb7-8295-c9442eafb6f6}</UniqueIdentifier>
    </Filter>
    <Filter Include="MU\Interface\NewUI\EventMapUI\KanturuEvent">
      <UniqueIdentifier>{539acb41-8b22-4ca1-bcc2-b9fca40c95de}</UniqueIdentifier>
    </Filter>
    <Filter Include="MU\Interface\NewUI\EventMapUI\DevilSquare">
      <UniqueIdentifier>{ecc33dbe-13ff-4b61-bb96-41a1589bac80}</UniqueIdentifier>
    </Filter>
    <Filter Include="MU\Interface\NewUI\EventMapUI\SiegeWar">
      <UniqueIdentifier>{95724c1a-41ae-4871-b8f5-fbc8ea213a73}</UniqueIdentifier>
    </Filter>
    <Filter Include="MU\Interface\NewUI\EventMapUI\CryWolf">
      <UniqueIdentifier>{8f0266f7-dd2e-48a7-b108-6d2df9acda27}</UniqueIdentifier>
    </Filter>
    <Filter Include="MU\Interface\NewUI\EventMapUI\DoppelGanger">
      <UniqueIdentifier>{ba1f1e8e-2fb6-4970-a833-19056f77f8a1}</UniqueIdentifier>
    </Filter>
    <Filter Include="MU\Interface\NewUI\EventMapUI\EmpireGuardian">
      <UniqueIdentifier>{10604ac8-4215-4268-a6b9-635d3facb4dd}</UniqueIdentifier>
    </Filter>
    <Filter Include="MU\Pet">
      <UniqueIdentifier>{46fe5a1f-b593-451d-80d2-3165204575e0}</UniqueIdentifier>
    </Filter>
    <Filter Include="MU\Pet\ActionExpress">
      <UniqueIdentifier>{224aa9bf-1534-4c8c-b21b-5bbb0e35f077}</UniqueIdentifier>
    </Filter>
    <Filter Include="External Object\time">
      <UniqueIdentifier>{5dbd88cd-af6b-4dfb-ae40-a22d53483be2}</UniqueIdentifier>
    </Filter>
    <Filter Include="MU\Network">
      <UniqueIdentifier>{b4fc75d3-8d4d-4ee7-9808-642e1adee74f}</UniqueIdentifier>
    </Filter>
    <Filter Include="MU\Network\proxy">
      <UniqueIdentifier>{cc4c6829-4399-4fce-830d-5b80979261dc}</UniqueIdentifier>
    </Filter>
    <Filter Include="MU\Network\proxy\receive">
      <UniqueIdentifier>{5c622a63-f68c-4288-8890-6e56cd846811}</UniqueIdentifier>
    </Filter>
    <Filter Include="MU\Network\proxy\send">
      <UniqueIdentifier>{8f14d950-b6dd-4b7f-b92f-798721b1a8a6}</UniqueIdentifier>
    </Filter>
    <Filter Include="MU\Network\ServerListSystem">
      <UniqueIdentifier>{44ff8e0b-a372-4491-9f06-ef26ce39b518}</UniqueIdentifier>
    </Filter>
    <Filter Include="MU\Client">
      <UniqueIdentifier>{112706dc-9dfe-4bf3-9bde-e4538b7897ba}</UniqueIdentifier>
    </Filter>
    <Filter Include="MU\Client\Header Files">
      <UniqueIdentifier>{9eb1c99e-df2a-4dd4-9f08-45fe8eb93ed8}</UniqueIdentifier>
      <Extensions>h;hpp;hxx;hm;inl</Extensions>
    </Filter>
    <Filter Include="MU\Client\info">
      <UniqueIdentifier>{b6aaf1fd-e912-4d8f-8ca0-0ce5de0c4743}</UniqueIdentifier>
    </Filter>
    <Filter Include="MU\Client\info\resource">
      <UniqueIdentifier>{80af241f-0009-4773-acf6-36b1a59934dd}</UniqueIdentifier>
    </Filter>
    <Filter Include="MU\Client\info\helper">
      <UniqueIdentifier>{0c236c0f-9c5b-4e86-8b0e-f4d310337389}</UniqueIdentifier>
    </Filter>
    <Filter Include="MU\Client\core">
      <UniqueIdentifier>{f9421654-994b-4a4b-8854-1718bc8b84db}</UniqueIdentifier>
    </Filter>
    <Filter Include="MU\Client\Source Files">
      <UniqueIdentifier>{c456f4dd-ca3d-4a2f-abcb-daaeb49a08eb}</UniqueIdentifier>
      <Extensions>cpp;c;cxx;rc;def;r;odl;idl;hpj;bat</Extensions>
    </Filter>
    <Filter Include="MU\GameShop">
      <UniqueIdentifier>{4f577537-fa2d-4509-9033-9007d088af78}</UniqueIdentifier>
    </Filter>
    <Filter Include="MU\GameShop\ShopListManager">
      <UniqueIdentifier>{b8b8eebf-befa-4656-bdf6-6f5d448fb133}</UniqueIdentifier>
    </Filter>
    <Filter Include="MU\GameShop\ShopListManager\interface">
      <UniqueIdentifier>{2fe902d0-1183-470f-b9d5-e1e9bea71655}</UniqueIdentifier>
    </Filter>
    <Filter Include="MU\GameShop\ShopListManager\interface\PathMethod">
      <UniqueIdentifier>{93f8336f-74b0-49c2-838e-81428cd29438}</UniqueIdentifier>
    </Filter>
    <Filter Include="MU\GameShop\ShopListManager\interface\WZResult">
      <UniqueIdentifier>{c7b6bebf-af2a-4105-88d2-64ee49dd3b60}</UniqueIdentifier>
    </Filter>
    <Filter Include="MU\GameShop\FileDownloader">
      <UniqueIdentifier>{f4ec21ed-5f9f-4112-9199-660f21fcdea5}</UniqueIdentifier>
    </Filter>
    <Filter Include="External Object\Leaf">
      <UniqueIdentifier>{3b92a23e-4343-428e-9736-2f625e9e74b4}</UniqueIdentifier>
    </Filter>
    <Filter Include="MU\Dotnet">
      <UniqueIdentifier>{b3403733-92ae-4eab-9619-948b4a78f0a5}</UniqueIdentifier>
    </Filter>
    <Filter Include="MU\MUHelper">
      <UniqueIdentifier>{a994719d-9ab7-43b4-8931-23acf72f699c}</UniqueIdentifier>
    </Filter>
  </ItemGroup>
  <ItemGroup>
    <Image Include="source\icon1.ico">
      <Filter>Resource Files</Filter>
    </Image>
    <Image Include="source\icon2.ico">
      <Filter>Resource Files</Filter>
    </Image>
  </ItemGroup>
  <ItemGroup>
    <ResourceCompile Include="source\resource.rc">
      <Filter>Resource Files</Filter>
    </ResourceCompile>
  </ItemGroup>
  <ItemGroup>
    <ClCompile Include="source\Button.cpp">
      <Filter>MU\Interface\ui</Filter>
    </ClCompile>
    <ClCompile Include="source\CharInfoBalloon.cpp">
      <Filter>MU\Interface\ui</Filter>
    </ClCompile>
    <ClCompile Include="source\CharMakeWin.cpp">
      <Filter>MU\Interface\ui</Filter>
    </ClCompile>
    <ClCompile Include="source\CharSelMainWin.cpp">
      <Filter>MU\Interface\ui</Filter>
    </ClCompile>
    <ClCompile Include="source\CreditWin.cpp">
      <Filter>MU\Interface\ui</Filter>
    </ClCompile>
    <ClCompile Include="source\GaugeBar.cpp">
      <Filter>MU\Interface\ui</Filter>
    </ClCompile>
    <ClCompile Include="source\Input.cpp">
      <Filter>MU\Interface\ui</Filter>
    </ClCompile>
    <ClCompile Include="source\ItemAddOptioninfo.cpp">
      <Filter>MU\Interface\ui</Filter>
    </ClCompile>
    <ClCompile Include="source\LoadingScene.cpp">
      <Filter>MU\Interface\ui</Filter>
    </ClCompile>
    <ClCompile Include="source\LoginMainWin.cpp">
      <Filter>MU\Interface\ui</Filter>
    </ClCompile>
    <ClCompile Include="source\LoginWin.cpp">
      <Filter>MU\Interface\ui</Filter>
    </ClCompile>
    <ClCompile Include="source\MsgWin.cpp">
      <Filter>MU\Interface\ui</Filter>
    </ClCompile>
    <ClCompile Include="source\Observer.cpp">
      <Filter>MU\Interface\ui</Filter>
    </ClCompile>
    <ClCompile Include="source\OptionWin.cpp">
      <Filter>MU\Interface\ui</Filter>
    </ClCompile>
    <ClCompile Include="source\PersonalShopTitleImp.cpp">
      <Filter>MU\Interface\ui</Filter>
    </ClCompile>
    <ClCompile Include="source\PList.cpp">
      <Filter>MU\Interface\ui</Filter>
    </ClCompile>
    <ClCompile Include="source\ServerMsgWin.cpp">
      <Filter>MU\Interface\ui</Filter>
    </ClCompile>
    <ClCompile Include="source\ServerSelWin.cpp">
      <Filter>MU\Interface\ui</Filter>
    </ClCompile>
    <ClCompile Include="source\Slider.cpp">
      <Filter>MU\Interface\ui</Filter>
    </ClCompile>
    <ClCompile Include="source\Sprite.cpp">
      <Filter>MU\Interface\ui</Filter>
    </ClCompile>
    <ClCompile Include="source\SysMenuWin.cpp">
      <Filter>MU\Interface\ui</Filter>
    </ClCompile>
    <ClCompile Include="source\UIControls.cpp">
      <Filter>MU\Interface\ui</Filter>
    </ClCompile>
    <ClCompile Include="source\UIDefaultBase.cpp">
      <Filter>MU\Interface\ui</Filter>
    </ClCompile>
    <ClCompile Include="source\UIGateKeeper.cpp">
      <Filter>MU\Interface\ui</Filter>
    </ClCompile>
    <ClCompile Include="source\UIGuardsMan.cpp">
      <Filter>MU\Interface\ui</Filter>
    </ClCompile>
    <ClCompile Include="source\UIGuildInfo.cpp">
      <Filter>MU\Interface\ui</Filter>
    </ClCompile>
    <ClCompile Include="source\UIGuildMaster.cpp">
      <Filter>MU\Interface\ui</Filter>
    </ClCompile>
    <ClCompile Include="source\UIJewelHarmony.cpp">
      <Filter>MU\Interface\ui</Filter>
    </ClCompile>
    <ClCompile Include="source\UIManager.cpp">
      <Filter>MU\Interface\ui</Filter>
    </ClCompile>
    <ClCompile Include="source\UIMapName.cpp">
      <Filter>MU\Interface\ui</Filter>
    </ClCompile>
    <ClCompile Include="source\UIMng.cpp">
      <Filter>MU\Interface\ui</Filter>
    </ClCompile>
    <ClCompile Include="source\UIPopup.cpp">
      <Filter>MU\Interface\ui</Filter>
    </ClCompile>
    <ClCompile Include="source\UISenatus.cpp">
      <Filter>MU\Interface\ui</Filter>
    </ClCompile>
    <ClCompile Include="source\UIWindows.cpp">
      <Filter>MU\Interface\ui</Filter>
    </ClCompile>
    <ClCompile Include="source\Win.cpp">
      <Filter>MU\Interface\ui</Filter>
    </ClCompile>
    <ClCompile Include="source\WinEx.cpp">
      <Filter>MU\Interface\ui</Filter>
    </ClCompile>
    <ClCompile Include="source\_GlobalFunctions.cpp">
      <Filter>MU\Common</Filter>
    </ClCompile>
    <ClCompile Include="source\StdAfx.cpp">
      <Filter>MU\Common</Filter>
    </ClCompile>
    <ClCompile Include="source\Winmain.cpp">
      <Filter>MU\Client\core</Filter>
    </ClCompile>
    <ClCompile Include="source\ZzzScene.cpp">
      <Filter>MU\Client\core</Filter>
    </ClCompile>
    <ClCompile Include="source\BoneManager.cpp">
      <Filter>MU\Client\Source Files</Filter>
    </ClCompile>
    <ClCompile Include="source\CameraMove.cpp">
      <Filter>MU\Client\Source Files</Filter>
    </ClCompile>
    <ClCompile Include="source\CBTMessageBox.cpp">
      <Filter>MU\Client\Source Files</Filter>
    </ClCompile>
    <ClCompile Include="source\CComGem.cpp">
      <Filter>MU\Client\Source Files</Filter>
    </ClCompile>
    <ClCompile Include="source\CDirection.cpp">
      <Filter>MU\Client\Source Files</Filter>
    </ClCompile>
    <ClCompile Include="source\ChangeRingManager.cpp">
      <Filter>MU\Client\Source Files</Filter>
    </ClCompile>
    <ClCompile Include="source\CKANTURUDirection.cpp">
      <Filter>MU\Client\Source Files</Filter>
    </ClCompile>
    <ClCompile Include="source\CMVP1stDirection.cpp">
      <Filter>MU\Client\Source Files</Filter>
    </ClCompile>
    <ClCompile Include="source\CSChaosCastle.cpp">
      <Filter>MU\Client\Source Files</Filter>
    </ClCompile>
    <ClCompile Include="source\CSEventMatch.cpp">
      <Filter>MU\Client\Source Files</Filter>
    </ClCompile>
    <ClCompile Include="source\CSItemOption.cpp">
      <Filter>MU\Client\Source Files</Filter>
    </ClCompile>
    <ClCompile Include="source\CSMapServer.cpp">
      <Filter>MU\Client\Source Files</Filter>
    </ClCompile>
    <ClCompile Include="source\CSParts.cpp">
      <Filter>MU\Client\Source Files</Filter>
    </ClCompile>
    <ClCompile Include="source\CSPetSystem.cpp">
      <Filter>MU\Client\Source Files</Filter>
    </ClCompile>
    <ClCompile Include="source\CSQuest.cpp">
      <Filter>MU\Client\Source Files</Filter>
    </ClCompile>
    <ClCompile Include="source\CSWaterTerrain.cpp">
      <Filter>MU\Client\Source Files</Filter>
    </ClCompile>
    <ClCompile Include="source\DuelMgr.cpp">
      <Filter>MU\Client\Source Files</Filter>
    </ClCompile>
    <ClCompile Include="source\Event.cpp">
      <Filter>MU\Client\Source Files</Filter>
    </ClCompile>
    <ClCompile Include="source\GambleSystem.cpp">
      <Filter>MU\Client\Source Files</Filter>
    </ClCompile>
    <ClCompile Include="source\GIPetManager.cpp">
      <Filter>MU\Client\Source Files</Filter>
    </ClCompile>
    <ClCompile Include="source\GlobalBitmap.cpp">
      <Filter>MU\Client\Source Files</Filter>
    </ClCompile>
    <ClCompile Include="source\GOBoid.cpp">
      <Filter>MU\Client\Source Files</Filter>
    </ClCompile>
    <ClCompile Include="source\GuildCache.cpp">
      <Filter>MU\Client\Source Files</Filter>
    </ClCompile>
    <ClCompile Include="source\Local.cpp">
      <Filter>MU\Client\Source Files</Filter>
    </ClCompile>
    <ClCompile Include="source\MatchEvent.cpp">
      <Filter>MU\Client\Source Files</Filter>
    </ClCompile>
    <ClCompile Include="source\MixMgr.cpp">
      <Filter>MU\Client\Source Files</Filter>
    </ClCompile>
    <ClCompile Include="source\MonkSystem.cpp">
      <Filter>MU\Client\Source Files</Filter>
    </ClCompile>
    <ClCompile Include="source\npcBreeder.cpp">
      <Filter>MU\Client\Source Files</Filter>
    </ClCompile>
    <ClCompile Include="source\npcCatapult.cpp">
      <Filter>MU\Client\Source Files</Filter>
    </ClCompile>
    <ClCompile Include="source\npcGateSwitch.cpp">
      <Filter>MU\Client\Source Files</Filter>
    </ClCompile>
    <ClCompile Include="source\PartyManager.cpp">
      <Filter>MU\Client\Source Files</Filter>
    </ClCompile>
    <ClCompile Include="source\PhysicsManager.cpp">
      <Filter>MU\Client\Source Files</Filter>
    </ClCompile>
    <ClCompile Include="source\PortalMgr.cpp">
      <Filter>MU\Client\Source Files</Filter>
    </ClCompile>
    <ClCompile Include="source\QuestMng.cpp">
      <Filter>MU\Client\Source Files</Filter>
    </ClCompile>
    <ClCompile Include="source\ShadowVolume.cpp">
      <Filter>MU\Client\Source Files</Filter>
    </ClCompile>
    <ClCompile Include="source\SideHair.cpp">
      <Filter>MU\Client\Source Files</Filter>
    </ClCompile>
    <ClCompile Include="source\SMD.cpp">
      <Filter>MU\Client\Source Files</Filter>
    </ClCompile>
    <ClCompile Include="source\SMD2BMD.cpp">
      <Filter>MU\Client\Source Files</Filter>
    </ClCompile>
    <ClCompile Include="source\SocketSystem.cpp">
      <Filter>MU\Client\Source Files</Filter>
    </ClCompile>
    <ClCompile Include="source\SummonSystem.cpp">
      <Filter>MU\Client\Source Files</Filter>
    </ClCompile>
    <ClCompile Include="source\TextureScript.cpp">
      <Filter>MU\Client\Source Files</Filter>
    </ClCompile>
    <ClCompile Include="source\UsefulDef.cpp">
      <Filter>MU\Client\Source Files</Filter>
    </ClCompile>
    <ClCompile Include="source\ZzzAI.cpp">
      <Filter>MU\Client\Source Files</Filter>
    </ClCompile>
    <ClCompile Include="source\ZzzBMD.cpp">
      <Filter>MU\Client\Source Files</Filter>
    </ClCompile>
    <ClCompile Include="source\ZzzCharacter.cpp">
      <Filter>MU\Client\Source Files</Filter>
    </ClCompile>
    <ClCompile Include="source\ZzzInfomation.cpp">
      <Filter>MU\Client\Source Files</Filter>
    </ClCompile>
    <ClCompile Include="source\ZzzInterface.cpp">
      <Filter>MU\Client\Source Files</Filter>
    </ClCompile>
    <ClCompile Include="source\ZzzInventory.cpp">
      <Filter>MU\Client\Source Files</Filter>
    </ClCompile>
    <ClCompile Include="source\ZzzLodTerrain.cpp">
      <Filter>MU\Client\Source Files</Filter>
    </ClCompile>
    <ClCompile Include="source\ZzzObject.cpp">
      <Filter>MU\Client\Source Files</Filter>
    </ClCompile>
    <ClCompile Include="source\ZzzOpenData.cpp">
      <Filter>MU\Client\Source Files</Filter>
    </ClCompile>
    <ClCompile Include="source\ZzzOpenglUtil.cpp">
      <Filter>MU\Client\Source Files</Filter>
    </ClCompile>
    <ClCompile Include="source\zzzpath.cpp">
      <Filter>MU\Client\Source Files</Filter>
    </ClCompile>
    <ClCompile Include="source\KeyGenerater.cpp">
      <Filter>MU\Network</Filter>
    </ClCompile>
    <ClCompile Include="source\WSclient.cpp">
      <Filter>MU\Network\proxy\receive</Filter>
    </ClCompile>
    <ClCompile Include="source\DSplaysound.cpp">
      <Filter>MU\Sound</Filter>
    </ClCompile>
    <ClCompile Include="source\DSwaveIO.cpp">
      <Filter>MU\Sound</Filter>
    </ClCompile>
    <ClCompile Include="source\SkillEffectMgr.cpp">
      <Filter>MU\Effect</Filter>
    </ClCompile>
    <ClCompile Include="source\ZzzEffect.cpp">
      <Filter>MU\Effect</Filter>
    </ClCompile>
    <ClCompile Include="source\ZzzEffectBlurSpark.cpp">
      <Filter>MU\Effect</Filter>
    </ClCompile>
    <ClCompile Include="source\ZzzEffectFireLeave.cpp">
      <Filter>MU\Effect</Filter>
    </ClCompile>
    <ClCompile Include="source\ZzzEffectJoint.cpp">
      <Filter>MU\Effect</Filter>
    </ClCompile>
    <ClCompile Include="source\ZzzEffectMagicSkill.cpp">
      <Filter>MU\Effect</Filter>
    </ClCompile>
    <ClCompile Include="source\ZzzEffectParticle.cpp">
      <Filter>MU\Effect</Filter>
    </ClCompile>
    <ClCompile Include="source\ZzzEffectPoint.cpp">
      <Filter>MU\Effect</Filter>
    </ClCompile>
    <ClCompile Include="source\ZzzEffectPointer.cpp">
      <Filter>MU\Effect</Filter>
    </ClCompile>
    <ClCompile Include="source\zzzeffectsprite.cpp">
      <Filter>MU\Effect</Filter>
    </ClCompile>
    <ClCompile Include="source\ZzzTexture.cpp">
      <Filter>MU\Graphic\2D\2d_resource</Filter>
    </ClCompile>
    <ClCompile Include="source\NewUI3DRenderMng.cpp">
      <Filter>MU\Interface\NewUI</Filter>
    </ClCompile>
    <ClCompile Include="source\NewUIBattleSoccerScore.cpp">
      <Filter>MU\Interface\NewUI</Filter>
    </ClCompile>
    <ClCompile Include="source\NewUIBuffWindow.cpp">
      <Filter>MU\Interface\NewUI</Filter>
    </ClCompile>
    <ClCompile Include="source\NewUIButton.cpp">
      <Filter>MU\Interface\NewUI</Filter>
    </ClCompile>
    <ClCompile Include="source\NewUICharacterInfoWindow.cpp">
      <Filter>MU\Interface\NewUI</Filter>
    </ClCompile>
    <ClCompile Include="source\NewUIChatInputBox.cpp">
      <Filter>MU\Interface\NewUI</Filter>
    </ClCompile>
    <ClCompile Include="source\NewUIChatLogWindow.cpp">
      <Filter>MU\Interface\NewUI</Filter>
    </ClCompile>
    <ClCompile Include="source\NewUICommandWindow.cpp">
      <Filter>MU\Interface\NewUI</Filter>
    </ClCompile>
    <ClCompile Include="source\NewUICommon.cpp">
      <Filter>MU\Interface\NewUI</Filter>
    </ClCompile>
    <ClCompile Include="source\NewUICommonMessageBox.cpp">
      <Filter>MU\Interface\NewUI</Filter>
    </ClCompile>
    <ClCompile Include="source\NewUICustomMessageBox.cpp">
      <Filter>MU\Interface\NewUI</Filter>
    </ClCompile>
    <ClCompile Include="source\NewUIDuelWatchMainFrameWindow.cpp">
      <Filter>MU\Interface\NewUI</Filter>
    </ClCompile>
    <ClCompile Include="source\NewUIDuelWatchUserListWindow.cpp">
      <Filter>MU\Interface\NewUI</Filter>
    </ClCompile>
    <ClCompile Include="source\NewUIDuelWatchWindow.cpp">
      <Filter>MU\Interface\NewUI</Filter>
    </ClCompile>
    <ClCompile Include="source\NewUIDuelWindow.cpp">
      <Filter>MU\Interface\NewUI</Filter>
    </ClCompile>
    <ClCompile Include="source\NewUIExchangeLuckyCoin.cpp">
      <Filter>MU\Interface\NewUI</Filter>
    </ClCompile>
    <ClCompile Include="source\NewUIFriendWindow.cpp">
      <Filter>MU\Interface\NewUI</Filter>
    </ClCompile>
    <ClCompile Include="source\NewUIGensRanking.cpp">
      <Filter>MU\Interface\NewUI</Filter>
    </ClCompile>
    <ClCompile Include="source\NewUIGoldBowmanLena.cpp">
      <Filter>MU\Interface\NewUI</Filter>
    </ClCompile>
    <ClCompile Include="source\NewUIGoldBowmanWindow.cpp">
      <Filter>MU\Interface\NewUI</Filter>
    </ClCompile>
    <ClCompile Include="source\NewUIGroup.cpp">
      <Filter>MU\Interface\NewUI</Filter>
    </ClCompile>
    <ClCompile Include="source\NewUIGuildInfoWindow.cpp">
      <Filter>MU\Interface\NewUI</Filter>
    </ClCompile>
    <ClCompile Include="source\NewUIGuildMakeWindow.cpp">
      <Filter>MU\Interface\NewUI</Filter>
    </ClCompile>
    <ClCompile Include="source\NewUIHelpWindow.cpp">
      <Filter>MU\Interface\NewUI</Filter>
    </ClCompile>
    <ClCompile Include="source\NewUIHeroPositionInfo.cpp">
      <Filter>MU\Interface\NewUI</Filter>
    </ClCompile>
    <ClCompile Include="source\NewUIHotKey.cpp">
      <Filter>MU\Interface\NewUI</Filter>
    </ClCompile>
    <ClCompile Include="source\NewUIInventoryCtrl.cpp">
      <Filter>MU\Interface\NewUI</Filter>
    </ClCompile>
    <ClCompile Include="source\NewUIItemEnduranceInfo.cpp">
      <Filter>MU\Interface\NewUI</Filter>
    </ClCompile>
    <ClCompile Include="source\NewUIItemExplanationWindow.cpp">
      <Filter>MU\Interface\NewUI</Filter>
    </ClCompile>
    <ClCompile Include="source\NewUIItemMng.cpp">
      <Filter>MU\Interface\NewUI</Filter>
    </ClCompile>
    <ClCompile Include="source\NewUILuckyItemWnd.cpp">
      <Filter>MU\Interface\NewUI</Filter>
    </ClCompile>
    <ClCompile Include="source\NewUIMainFrameWindow.cpp">
      <Filter>MU\Interface\NewUI</Filter>
    </ClCompile>
    <ClCompile Include="source\NewUIManager.cpp">
      <Filter>MU\Interface\NewUI</Filter>
    </ClCompile>
    <ClCompile Include="source\NewUIMasterLevel.cpp">
      <Filter>MU\Interface\NewUI</Filter>
    </ClCompile>
    <ClCompile Include="source\NewUIMessageBox.cpp">
      <Filter>MU\Interface\NewUI</Filter>
    </ClCompile>
    <ClCompile Include="source\NewUIMiniMap.cpp">
      <Filter>MU\Interface\NewUI</Filter>
    </ClCompile>
    <ClCompile Include="source\NewUIMixInventory.cpp">
      <Filter>MU\Interface\NewUI</Filter>
    </ClCompile>
    <ClCompile Include="source\NewUIMoveCommandWindow.cpp">
      <Filter>MU\Interface\NewUI</Filter>
    </ClCompile>
    <ClCompile Include="source\NewUIMyInventory.cpp">
      <Filter>MU\Interface\NewUI</Filter>
    </ClCompile>
    <ClCompile Include="source\NewUIMyQuestInfoWindow.cpp">
      <Filter>MU\Interface\NewUI</Filter>
    </ClCompile>
    <ClCompile Include="source\NewUIMyShopInventory.cpp">
      <Filter>MU\Interface\NewUI</Filter>
    </ClCompile>
    <ClCompile Include="source\NewUINameWindow.cpp">
      <Filter>MU\Interface\NewUI</Filter>
    </ClCompile>
    <ClCompile Include="source\NewUINPCDialogue.cpp">
      <Filter>MU\Interface\NewUI</Filter>
    </ClCompile>
    <ClCompile Include="source\NewUINPCQuest.cpp">
      <Filter>MU\Interface\NewUI</Filter>
    </ClCompile>
    <ClCompile Include="source\NewUINPCShop.cpp">
      <Filter>MU\Interface\NewUI</Filter>
    </ClCompile>
    <ClCompile Include="source\NewUIOptionWindow.cpp">
      <Filter>MU\Interface\NewUI</Filter>
    </ClCompile>
    <ClCompile Include="source\NewUIPartyInfoWindow.cpp">
      <Filter>MU\Interface\NewUI</Filter>
    </ClCompile>
    <ClCompile Include="source\NewUIPartyListWindow.cpp">
      <Filter>MU\Interface\NewUI</Filter>
    </ClCompile>
    <ClCompile Include="source\NewUIPetInfoWindow.cpp">
      <Filter>MU\Interface\NewUI</Filter>
    </ClCompile>
    <ClCompile Include="source\NewUIPurchaseShopInventory.cpp">
      <Filter>MU\Interface\NewUI</Filter>
    </ClCompile>
    <ClCompile Include="source\NewUIQuestProgress.cpp">
      <Filter>MU\Interface\NewUI</Filter>
    </ClCompile>
    <ClCompile Include="source\NewUIQuestProgressByEtc.cpp">
      <Filter>MU\Interface\NewUI</Filter>
    </ClCompile>
    <ClCompile Include="source\NewUIQuickCommandWindow.cpp">
      <Filter>MU\Interface\NewUI</Filter>
    </ClCompile>
    <ClCompile Include="source\NewUIRegistrationLuckyCoin.cpp">
      <Filter>MU\Interface\NewUI</Filter>
    </ClCompile>
    <ClCompile Include="source\NewUIRenderNumber.cpp">
      <Filter>MU\Interface\NewUI</Filter>
    </ClCompile>
    <ClCompile Include="source\NewUIScrollBar.cpp">
      <Filter>MU\Interface\NewUI</Filter>
    </ClCompile>
    <ClCompile Include="source\NewUISetItemExplanation.cpp">
      <Filter>MU\Interface\NewUI</Filter>
    </ClCompile>
    <ClCompile Include="source\NewUISlideWindow.cpp">
      <Filter>MU\Interface\NewUI</Filter>
    </ClCompile>
    <ClCompile Include="source\NewUIStorageInventory.cpp">
      <Filter>MU\Interface\NewUI</Filter>
    </ClCompile>
    <ClCompile Include="source\NewUISystem.cpp">
      <Filter>MU\Interface\NewUI</Filter>
    </ClCompile>
    <ClCompile Include="source\NewUITextBox.cpp">
      <Filter>MU\Interface\NewUI</Filter>
    </ClCompile>
    <ClCompile Include="source\NewUITrade.cpp">
      <Filter>MU\Interface\NewUI</Filter>
    </ClCompile>
    <ClCompile Include="source\NewUIUnitedMarketPlaceWindow.cpp">
      <Filter>MU\Interface\NewUI</Filter>
    </ClCompile>
    <ClCompile Include="source\NewUIWindowMenu.cpp">
      <Filter>MU\Interface\NewUI</Filter>
    </ClCompile>
    <ClCompile Include="source\NewUICursedTempleEnter.cpp">
      <Filter>MU\Interface\NewUI\EventMapUI\CursedTemple</Filter>
    </ClCompile>
    <ClCompile Include="source\NewUICursedTempleResult.cpp">
      <Filter>MU\Interface\NewUI\EventMapUI\CursedTemple</Filter>
    </ClCompile>
    <ClCompile Include="source\NewUICursedTempleSystem.cpp">
      <Filter>MU\Interface\NewUI\EventMapUI\CursedTemple</Filter>
    </ClCompile>
    <ClCompile Include="source\NewChaosCastleSystem.cpp">
      <Filter>MU\Interface\NewUI\EventMapUI\ChaosCastle</Filter>
    </ClCompile>
    <ClCompile Include="source\NewUIChaosCastleTime.cpp">
      <Filter>MU\Interface\NewUI\EventMapUI\ChaosCastle</Filter>
    </ClCompile>
    <ClCompile Include="source\NewBloodCastleSystem.cpp">
      <Filter>MU\Interface\NewUI\EventMapUI\BloodCastle</Filter>
    </ClCompile>
    <ClCompile Include="source\NewUIBloodCastleEnter.cpp">
      <Filter>MU\Interface\NewUI\EventMapUI\BloodCastle</Filter>
    </ClCompile>
    <ClCompile Include="source\NewUIBloodCastleTime.cpp">
      <Filter>MU\Interface\NewUI\EventMapUI\BloodCastle</Filter>
    </ClCompile>
    <ClCompile Include="source\NewUIKanturuEvent.cpp">
      <Filter>MU\Interface\NewUI\EventMapUI\KanturuEvent</Filter>
    </ClCompile>
    <ClCompile Include="source\NewUIEnterDevilSquare.cpp">
      <Filter>MU\Interface\NewUI\EventMapUI\DevilSquare</Filter>
    </ClCompile>
    <ClCompile Include="source\NewUICastleWindow.cpp">
      <Filter>MU\Interface\NewUI\EventMapUI\SiegeWar</Filter>
    </ClCompile>
    <ClCompile Include="source\NewUICatapultWindow.cpp">
      <Filter>MU\Interface\NewUI\EventMapUI\SiegeWar</Filter>
    </ClCompile>
    <ClCompile Include="source\NewUIGatemanWindow.cpp">
      <Filter>MU\Interface\NewUI\EventMapUI\SiegeWar</Filter>
    </ClCompile>
    <ClCompile Include="source\NewUIGateSwitchWindow.cpp">
      <Filter>MU\Interface\NewUI\EventMapUI\SiegeWar</Filter>
    </ClCompile>
    <ClCompile Include="source\NewUIGuardWindow.cpp">
      <Filter>MU\Interface\NewUI\EventMapUI\SiegeWar</Filter>
    </ClCompile>
    <ClCompile Include="source\NewUISeigeWarfare.cpp">
      <Filter>MU\Interface\NewUI\EventMapUI\SiegeWar</Filter>
    </ClCompile>
    <ClCompile Include="source\NewUISiegeWarBase.cpp">
      <Filter>MU\Interface\NewUI\EventMapUI\SiegeWar</Filter>
    </ClCompile>
    <ClCompile Include="source\NewUISiegeWarCommander.cpp">
      <Filter>MU\Interface\NewUI\EventMapUI\SiegeWar</Filter>
    </ClCompile>
    <ClCompile Include="source\NewUISiegeWarObserver.cpp">
      <Filter>MU\Interface\NewUI\EventMapUI\SiegeWar</Filter>
    </ClCompile>
    <ClCompile Include="source\NewUISiegeWarSoldier.cpp">
      <Filter>MU\Interface\NewUI\EventMapUI\SiegeWar</Filter>
    </ClCompile>
    <ClCompile Include="source\NewUICryWolf.cpp">
      <Filter>MU\Interface\NewUI\EventMapUI\CryWolf</Filter>
    </ClCompile>
    <ClCompile Include="source\NewUIDoppelGangerFrame.cpp">
      <Filter>MU\Interface\NewUI\EventMapUI\DoppelGanger</Filter>
    </ClCompile>
    <ClCompile Include="source\NewUIDoppelGangerWindow.cpp">
      <Filter>MU\Interface\NewUI\EventMapUI\DoppelGanger</Filter>
    </ClCompile>
    <ClCompile Include="source\NewUIEmpireGuardianNPC.cpp">
      <Filter>MU\Interface\NewUI\EventMapUI\EmpireGuardian</Filter>
    </ClCompile>
    <ClCompile Include="source\NewUIEmpireGuardianTimer.cpp">
      <Filter>MU\Interface\NewUI\EventMapUI\EmpireGuardian</Filter>
    </ClCompile>
    <ClCompile Include="source\w_MapProcess.cpp">
      <Filter>MU\Map\NewMap</Filter>
    </ClCompile>
    <ClCompile Include="source\GM3rdChangeUp.cpp">
      <Filter>MU\Map\NewMap\MapExpress</Filter>
    </ClCompile>
    <ClCompile Include="source\GM_kanturu_1st.cpp">
      <Filter>MU\Map\NewMap\MapExpress</Filter>
    </ClCompile>
    <ClCompile Include="source\GM_Kanturu_2nd.cpp">
      <Filter>MU\Map\NewMap\MapExpress</Filter>
    </ClCompile>
    <ClCompile Include="source\GM_Kanturu_3rd.cpp">
      <Filter>MU\Map\NewMap\MapExpress</Filter>
    </ClCompile>
    <ClCompile Include="source\GM_PK_Field.cpp">
      <Filter>MU\Map\NewMap\MapExpress</Filter>
    </ClCompile>
    <ClCompile Include="source\GM_Raklion.cpp">
      <Filter>MU\Map\NewMap\MapExpress</Filter>
    </ClCompile>
    <ClCompile Include="source\GMAida.cpp">
      <Filter>MU\Map\NewMap\MapExpress</Filter>
    </ClCompile>
    <ClCompile Include="source\GMBattleCastle.cpp">
      <Filter>MU\Map\NewMap\MapExpress</Filter>
    </ClCompile>
    <ClCompile Include="source\GMCryingWolf2nd.cpp">
      <Filter>MU\Map\NewMap\MapExpress</Filter>
    </ClCompile>
    <ClCompile Include="source\GMCrywolf1st.cpp">
      <Filter>MU\Map\NewMap\MapExpress</Filter>
    </ClCompile>
    <ClCompile Include="source\GMDoppelGanger1.cpp">
      <Filter>MU\Map\NewMap\MapExpress</Filter>
    </ClCompile>
    <ClCompile Include="source\GMDoppelGanger2.cpp">
      <Filter>MU\Map\NewMap\MapExpress</Filter>
    </ClCompile>
    <ClCompile Include="source\GMDoppelGanger3.cpp">
      <Filter>MU\Map\NewMap\MapExpress</Filter>
    </ClCompile>
    <ClCompile Include="source\GMDoppelGanger4.cpp">
      <Filter>MU\Map\NewMap\MapExpress</Filter>
    </ClCompile>
    <ClCompile Include="source\GMDuelArena.cpp">
      <Filter>MU\Map\NewMap\MapExpress</Filter>
    </ClCompile>
    <ClCompile Include="source\GMEmpireGuardian1.cpp">
      <Filter>MU\Map\NewMap\MapExpress</Filter>
    </ClCompile>
    <ClCompile Include="source\GMEmpireGuardian2.cpp">
      <Filter>MU\Map\NewMap\MapExpress</Filter>
    </ClCompile>
    <ClCompile Include="source\GMEmpireGuardian3.cpp">
      <Filter>MU\Map\NewMap\MapExpress</Filter>
    </ClCompile>
    <ClCompile Include="source\GMEmpireGuardian4.cpp">
      <Filter>MU\Map\NewMap\MapExpress</Filter>
    </ClCompile>
    <ClCompile Include="source\GMHellas.cpp">
      <Filter>MU\Map\NewMap\MapExpress</Filter>
    </ClCompile>
    <ClCompile Include="source\GMHuntingGround.cpp">
      <Filter>MU\Map\NewMap\MapExpress</Filter>
    </ClCompile>
    <ClCompile Include="source\GMKarutan1.cpp">
      <Filter>MU\Map\NewMap\MapExpress</Filter>
    </ClCompile>
    <ClCompile Include="source\GMNewTown.cpp">
      <Filter>MU\Map\NewMap\MapExpress</Filter>
    </ClCompile>
    <ClCompile Include="source\GMSantaTown.cpp">
      <Filter>MU\Map\NewMap\MapExpress</Filter>
    </ClCompile>
    <ClCompile Include="source\GMSwampOfQuiet.cpp">
      <Filter>MU\Map\NewMap\MapExpress</Filter>
    </ClCompile>
    <ClCompile Include="source\GMUnitedMarketPlace.cpp">
      <Filter>MU\Map\NewMap\MapExpress</Filter>
    </ClCompile>
    <ClCompile Include="source\w_CursedTemple.cpp">
      <Filter>MU\Map\NewMap\MapExpress</Filter>
    </ClCompile>
    <ClCompile Include="source\w_BasePet.cpp">
      <Filter>MU\Pet</Filter>
    </ClCompile>
    <ClCompile Include="source\w_PetProcess.cpp">
      <Filter>MU\Pet</Filter>
    </ClCompile>
    <ClCompile Include="source\w_PetActionCollecter.cpp">
      <Filter>MU\Pet\ActionExpress</Filter>
    </ClCompile>
    <ClCompile Include="source\w_PetActionCollecter_Add.cpp">
      <Filter>MU\Pet\ActionExpress</Filter>
    </ClCompile>
    <ClCompile Include="source\w_PetActionDemon.cpp">
      <Filter>MU\Pet\ActionExpress</Filter>
    </ClCompile>
    <ClCompile Include="source\w_PetActionRound.cpp">
      <Filter>MU\Pet\ActionExpress</Filter>
    </ClCompile>
    <ClCompile Include="source\w_PetActionStand.cpp">
      <Filter>MU\Pet\ActionExpress</Filter>
    </ClCompile>
    <ClCompile Include="source\w_PetActionUnicorn.cpp">
      <Filter>MU\Pet\ActionExpress</Filter>
    </ClCompile>
    <ClCompile Include="source\ServerGroup.cpp">
      <Filter>MU\Network\ServerListSystem</Filter>
    </ClCompile>
    <ClCompile Include="source\ServerInfo.cpp">
      <Filter>MU\Network\ServerListSystem</Filter>
    </ClCompile>
    <ClCompile Include="source\ServerListManager.cpp">
      <Filter>MU\Network\ServerListSystem</Filter>
    </ClCompile>
    <ClCompile Include="source\MultiLanguage.cpp">
      <Filter>MU\Text\MultiLanguageSystem</Filter>
    </ClCompile>
    <ClCompile Include="source\Math\ZzzMathLib.cpp">
      <Filter>MU\Graphic\Vector</Filter>
    </ClCompile>
    <ClCompile Include="source\Time\CTimCheck.cpp">
      <Filter>External Object\time</Filter>
    </ClCompile>
    <ClCompile Include="source\Time\Timer.cpp">
      <Filter>External Object\time</Filter>
    </ClCompile>
    <ClCompile Include="source\Utilities\Log\ErrorReport.cpp">
      <Filter>Utilities\log</Filter>
    </ClCompile>
    <ClCompile Include="source\Utilities\Log\muConsoleDebug.cpp">
      <Filter>Utilities\log</Filter>
    </ClCompile>
    <ClCompile Include="source\Utilities\Log\WindowsConsole.cpp">
      <Filter>Utilities\log</Filter>
    </ClCompile>
    <ClCompile Include="source\MapManager.cpp">
      <Filter>MU\Map</Filter>
    </ClCompile>
    <ClCompile Include="source\LoadData.cpp">
      <Filter>MU\Load</Filter>
    </ClCompile>
    <ClCompile Include="source\SkillManager.cpp">
      <Filter>MU\Skill</Filter>
    </ClCompile>
    <ClCompile Include="source\CharacterManager.cpp">
      <Filter>MU\Character</Filter>
    </ClCompile>
    <ClCompile Include="source\w_BuffScriptLoader.cpp">
      <Filter>MU\Buff</Filter>
    </ClCompile>
    <ClCompile Include="source\w_BuffStateSystem.cpp">
      <Filter>MU\Buff</Filter>
    </ClCompile>
    <ClCompile Include="source\w_BuffStateValueControl.cpp">
      <Filter>MU\Buff</Filter>
    </ClCompile>
    <ClCompile Include="source\w_BuffTimeControl.cpp">
      <Filter>MU\Buff</Filter>
    </ClCompile>
    <ClCompile Include="source\w_CharacterInfo.cpp">
      <Filter>MU\Character</Filter>
    </ClCompile>
    <ClCompile Include="source\w_ObjectInfo.cpp">
      <Filter>MU\Character</Filter>
    </ClCompile>
    <ClCompile Include="source\w_Buff.cpp">
      <Filter>MU\Buff</Filter>
    </ClCompile>
    <ClCompile Include="source\ItemManager.cpp">
      <Filter>MU\Item</Filter>
    </ClCompile>
    <ClCompile Include="source\MoveCommandData.cpp">
      <Filter>MU\Map</Filter>
    </ClCompile>
    <ClCompile Include="source\GameShop\InGameShopSystem.cpp">
      <Filter>MU\GameShop</Filter>
    </ClCompile>
    <ClCompile Include="source\GameShop\MsgBoxIGSBuyConfirm.cpp">
      <Filter>MU\GameShop</Filter>
    </ClCompile>
    <ClCompile Include="source\GameShop\MsgBoxIGSBuyPackageItem.cpp">
      <Filter>MU\GameShop</Filter>
    </ClCompile>
    <ClCompile Include="source\GameShop\MsgBoxIGSBuySelectItem.cpp">
      <Filter>MU\GameShop</Filter>
    </ClCompile>
    <ClCompile Include="source\GameShop\MsgBoxIGSCommon.cpp">
      <Filter>MU\GameShop</Filter>
    </ClCompile>
    <ClCompile Include="source\GameShop\MsgBoxIGSDeleteItemConfirm.cpp">
      <Filter>MU\GameShop</Filter>
    </ClCompile>
    <ClCompile Include="source\GameShop\MsgBoxIGSGiftStorageItemInfo.cpp">
      <Filter>MU\GameShop</Filter>
    </ClCompile>
    <ClCompile Include="source\GameShop\MsgBoxIGSSendGift.cpp">
      <Filter>MU\GameShop</Filter>
    </ClCompile>
    <ClCompile Include="source\GameShop\MsgBoxIGSSendGiftConfirm.cpp">
      <Filter>MU\GameShop</Filter>
    </ClCompile>
    <ClCompile Include="source\GameShop\MsgBoxIGSStorageItemInfo.cpp">
      <Filter>MU\GameShop</Filter>
    </ClCompile>
    <ClCompile Include="source\GameShop\MsgBoxIGSUseBuffConfirm.cpp">
      <Filter>MU\GameShop</Filter>
    </ClCompile>
    <ClCompile Include="source\GameShop\MsgBoxIGSUseItemConfirm.cpp">
      <Filter>MU\GameShop</Filter>
    </ClCompile>
    <ClCompile Include="source\GameShop\NewUIInGameShop.cpp">
      <Filter>MU\GameShop</Filter>
    </ClCompile>
    <ClCompile Include="source\GameShop\ShopListManager\BannerInfo.cpp">
      <Filter>MU\GameShop\ShopListManager</Filter>
    </ClCompile>
    <ClCompile Include="source\GameShop\ShopListManager\BannerInfoList.cpp">
      <Filter>MU\GameShop\ShopListManager</Filter>
    </ClCompile>
    <ClCompile Include="source\GameShop\ShopListManager\BannerListManager.cpp">
      <Filter>MU\GameShop\ShopListManager</Filter>
    </ClCompile>
    <ClCompile Include="source\GameShop\ShopListManager\FTPFileDownLoader.cpp">
      <Filter>MU\GameShop\ShopListManager</Filter>
    </ClCompile>
    <ClCompile Include="source\GameShop\ShopListManager\ListManager.cpp">
      <Filter>MU\GameShop\ShopListManager</Filter>
    </ClCompile>
    <ClCompile Include="source\GameShop\ShopListManager\ShopCategory.cpp">
      <Filter>MU\GameShop\ShopListManager</Filter>
    </ClCompile>
    <ClCompile Include="source\GameShop\ShopListManager\ShopCategoryList.cpp">
      <Filter>MU\GameShop\ShopListManager</Filter>
    </ClCompile>
    <ClCompile Include="source\GameShop\ShopListManager\ShopList.cpp">
      <Filter>MU\GameShop\ShopListManager</Filter>
    </ClCompile>
    <ClCompile Include="source\GameShop\ShopListManager\ShopListManager.cpp">
      <Filter>MU\GameShop\ShopListManager</Filter>
    </ClCompile>
    <ClCompile Include="source\GameShop\ShopListManager\ShopPackage.cpp">
      <Filter>MU\GameShop\ShopListManager</Filter>
    </ClCompile>
    <ClCompile Include="source\GameShop\ShopListManager\ShopPackageList.cpp">
      <Filter>MU\GameShop\ShopListManager</Filter>
    </ClCompile>
    <ClCompile Include="source\GameShop\ShopListManager\ShopProduct.cpp">
      <Filter>MU\GameShop\ShopListManager</Filter>
    </ClCompile>
    <ClCompile Include="source\GameShop\ShopListManager\ShopProductList.cpp">
      <Filter>MU\GameShop\ShopListManager</Filter>
    </ClCompile>
    <ClCompile Include="source\GameShop\ShopListManager\StringMethod.cpp">
      <Filter>MU\GameShop\ShopListManager</Filter>
    </ClCompile>
    <ClCompile Include="source\GameShop\ShopListManager\StringToken.cpp">
      <Filter>MU\GameShop\ShopListManager</Filter>
    </ClCompile>
    <ClCompile Include="source\GameShop\FileDownloader\DownloadInfo.cpp">
      <Filter>MU\GameShop\FileDownloader</Filter>
    </ClCompile>
    <ClCompile Include="source\GameShop\FileDownloader\FileDownloader.cpp">
      <Filter>MU\GameShop\FileDownloader</Filter>
    </ClCompile>
    <ClCompile Include="source\GameShop\FileDownloader\FTPConnecter.cpp">
      <Filter>MU\GameShop\FileDownloader</Filter>
    </ClCompile>
    <ClCompile Include="source\GameShop\FileDownloader\HTTPConnecter.cpp">
      <Filter>MU\GameShop\FileDownloader</Filter>
    </ClCompile>
    <ClCompile Include="source\GameShop\ShopListManager\interface\WZResult\WZResult.cpp">
      <Filter>MU\GameShop\ShopListManager\interface\WZResult</Filter>
    </ClCompile>
    <ClCompile Include="source\GameShop\ShopListManager\interface\PathMethod\Path.cpp">
      <Filter>MU\GameShop\ShopListManager\interface\PathMethod</Filter>
    </ClCompile>
    <ClCompile Include="source\Dotnet\Connection.cpp">
      <Filter>MU\Dotnet</Filter>
    </ClCompile>
    <ClCompile Include="source\NewUIInventoryExtension.cpp">
      <Filter>MU\Client\Source Files</Filter>
    </ClCompile>
    <ClCompile Include="source\NewUIMuHelper.cpp">
      <Filter>MU\Client\Source Files</Filter>
    </ClCompile>
    <ClCompile Include="source\NewUIStorageInventoryExt.cpp">
      <Filter>MU\Client\Source Files</Filter>
    </ClCompile>
    <ClCompile Include="source\Dotnet\PacketFunctions_ChatServer.cpp">
      <Filter>MU\Dotnet</Filter>
    </ClCompile>
    <ClCompile Include="source\Dotnet\PacketFunctions_ClientToServer.cpp">
      <Filter>MU\Dotnet</Filter>
    </ClCompile>
    <ClCompile Include="source\Dotnet\PacketFunctions_ConnectServer.cpp">
      <Filter>MU\Dotnet</Filter>
    </ClCompile>
    <ClCompile Include="source\ExternalObject\Leaf\xstreambuf.cpp">
      <Filter>MU\Client\Source Files</Filter>
    </ClCompile>
    <ClCompile Include="source\Dotnet\PacketFunctions_Custom.cpp">
      <Filter>MU\Dotnet</Filter>
    </ClCompile>
    <ClCompile Include="source\MUHelper\MuHelper.cpp">
      <Filter>MU\MUHelper</Filter>
    </ClCompile>
    <ClCompile Include="source\MUHelper\MuHelperData.cpp">
      <Filter>MU\Client\Source Files</Filter>
    </ClCompile>
    <ClCompile Include="source\Utilities\CpuUsage.cpp">
      <Filter>MU\Client\Source Files</Filter>
    </ClCompile>
    <ClCompile Include="source\CharInfoBalloonMng.cpp">
      <Filter>MU\Client\Source Files</Filter>
    </ClCompile>
  </ItemGroup>
  <ItemGroup>
    <ClInclude Include="source\Button.h">
      <Filter>MU\Interface\ui</Filter>
    </ClInclude>
    <ClInclude Include="source\CharInfoBalloon.h">
      <Filter>MU\Interface\ui</Filter>
    </ClInclude>
    <ClInclude Include="source\CharMakeWin.h">
      <Filter>MU\Interface\ui</Filter>
    </ClInclude>
    <ClInclude Include="source\CharSelMainWin.h">
      <Filter>MU\Interface\ui</Filter>
    </ClInclude>
    <ClInclude Include="source\CreditWin.h">
      <Filter>MU\Interface\ui</Filter>
    </ClInclude>
    <ClInclude Include="source\GaugeBar.h">
      <Filter>MU\Interface\ui</Filter>
    </ClInclude>
    <ClInclude Include="source\Input.h">
      <Filter>MU\Interface\ui</Filter>
    </ClInclude>
    <ClInclude Include="source\ItemAddOptioninfo.h">
      <Filter>MU\Interface\ui</Filter>
    </ClInclude>
    <ClInclude Include="source\LoadingScene.h">
      <Filter>MU\Interface\ui</Filter>
    </ClInclude>
    <ClInclude Include="source\LoginMainWin.h">
      <Filter>MU\Interface\ui</Filter>
    </ClInclude>
    <ClInclude Include="source\LoginWin.h">
      <Filter>MU\Interface\ui</Filter>
    </ClInclude>
    <ClInclude Include="source\MsgWin.h">
      <Filter>MU\Interface\ui</Filter>
    </ClInclude>
    <ClInclude Include="source\Observer.h">
      <Filter>MU\Interface\ui</Filter>
    </ClInclude>
    <ClInclude Include="source\OptionWin.h">
      <Filter>MU\Interface\ui</Filter>
    </ClInclude>
    <ClInclude Include="source\PersonalShopTitleImp.h">
      <Filter>MU\Interface\ui</Filter>
    </ClInclude>
    <ClInclude Include="source\PList.h">
      <Filter>MU\Interface\ui</Filter>
    </ClInclude>
    <ClInclude Include="source\ServerMsgWin.h">
      <Filter>MU\Interface\ui</Filter>
    </ClInclude>
    <ClInclude Include="source\ServerSelWin.h">
      <Filter>MU\Interface\ui</Filter>
    </ClInclude>
    <ClInclude Include="source\Slider.h">
      <Filter>MU\Interface\ui</Filter>
    </ClInclude>
    <ClInclude Include="source\Sprite.h">
      <Filter>MU\Interface\ui</Filter>
    </ClInclude>
    <ClInclude Include="source\SysMenuWin.h">
      <Filter>MU\Interface\ui</Filter>
    </ClInclude>
    <ClInclude Include="source\UIBaseDef.h">
      <Filter>MU\Interface\ui</Filter>
    </ClInclude>
    <ClInclude Include="source\UIControls.h">
      <Filter>MU\Interface\ui</Filter>
    </ClInclude>
    <ClInclude Include="source\UIDefaultBase.h">
      <Filter>MU\Interface\ui</Filter>
    </ClInclude>
    <ClInclude Include="source\UIGateKeeper.h">
      <Filter>MU\Interface\ui</Filter>
    </ClInclude>
    <ClInclude Include="source\UIGuardsMan.h">
      <Filter>MU\Interface\ui</Filter>
    </ClInclude>
    <ClInclude Include="source\UIGuildInfo.h">
      <Filter>MU\Interface\ui</Filter>
    </ClInclude>
    <ClInclude Include="source\UIGuildMaster.h">
      <Filter>MU\Interface\ui</Filter>
    </ClInclude>
    <ClInclude Include="source\UIJewelHarmony.h">
      <Filter>MU\Interface\ui</Filter>
    </ClInclude>
    <ClInclude Include="source\UIManager.h">
      <Filter>MU\Interface\ui</Filter>
    </ClInclude>
    <ClInclude Include="source\UIMapName.h">
      <Filter>MU\Interface\ui</Filter>
    </ClInclude>
    <ClInclude Include="source\UIMng.h">
      <Filter>MU\Interface\ui</Filter>
    </ClInclude>
    <ClInclude Include="source\UIPopup.h">
      <Filter>MU\Interface\ui</Filter>
    </ClInclude>
    <ClInclude Include="source\UISenatus.h">
      <Filter>MU\Interface\ui</Filter>
    </ClInclude>
    <ClInclude Include="source\UIWindows.h">
      <Filter>MU\Interface\ui</Filter>
    </ClInclude>
    <ClInclude Include="source\Win.h">
      <Filter>MU\Interface\ui</Filter>
    </ClInclude>
    <ClInclude Include="source\WinEx.h">
      <Filter>MU\Interface\ui</Filter>
    </ClInclude>
    <ClInclude Include="source\_define.h">
      <Filter>MU\Common</Filter>
    </ClInclude>
    <ClInclude Include="source\_enum.h">
      <Filter>MU\Common</Filter>
    </ClInclude>
    <ClInclude Include="source\_GlobalFunctions.h">
      <Filter>MU\Common</Filter>
    </ClInclude>
    <ClInclude Include="source\_struct.h">
      <Filter>MU\Common</Filter>
    </ClInclude>
    <ClInclude Include="source\_TextureIndex.h">
      <Filter>MU\Common</Filter>
    </ClInclude>
    <ClInclude Include="source\_types.h">
      <Filter>MU\Common</Filter>
    </ClInclude>
    <ClInclude Include="source\resource.h">
      <Filter>MU\Common</Filter>
    </ClInclude>
    <ClInclude Include="source\stdafx.h">
      <Filter>MU\Common</Filter>
    </ClInclude>
    <ClInclude Include="source\BaseCls.h">
      <Filter>MU\Client\Header Files</Filter>
    </ClInclude>
    <ClInclude Include="source\BoneManager.h">
      <Filter>MU\Client\Header Files</Filter>
    </ClInclude>
    <ClInclude Include="source\CameraMove.h">
      <Filter>MU\Client\Header Files</Filter>
    </ClInclude>
    <ClInclude Include="source\CBTMessageBox.h">
      <Filter>MU\Client\Header Files</Filter>
    </ClInclude>
    <ClInclude Include="source\CComGem.h">
      <Filter>MU\Client\Header Files</Filter>
    </ClInclude>
    <ClInclude Include="source\CDirection.h">
      <Filter>MU\Client\Header Files</Filter>
    </ClInclude>
    <ClInclude Include="source\ChangeRingManager.h">
      <Filter>MU\Client\Header Files</Filter>
    </ClInclude>
    <ClInclude Include="source\CKANTURUDirection.h">
      <Filter>MU\Client\Header Files</Filter>
    </ClInclude>
    <ClInclude Include="source\CMVP1stDirection.h">
      <Filter>MU\Client\Header Files</Filter>
    </ClInclude>
    <ClInclude Include="source\CSChaosCastle.h">
      <Filter>MU\Client\Header Files</Filter>
    </ClInclude>
    <ClInclude Include="source\CSEventMatch.h">
      <Filter>MU\Client\Header Files</Filter>
    </ClInclude>
    <ClInclude Include="source\CSItemOption.h">
      <Filter>MU\Client\Header Files</Filter>
    </ClInclude>
    <ClInclude Include="source\CSMapServer.h">
      <Filter>MU\Client\Header Files</Filter>
    </ClInclude>
    <ClInclude Include="source\CSParts.h">
      <Filter>MU\Client\Header Files</Filter>
    </ClInclude>
    <ClInclude Include="source\CSPetSystem.h">
      <Filter>MU\Client\Header Files</Filter>
    </ClInclude>
    <ClInclude Include="source\CSQuest.h">
      <Filter>MU\Client\Header Files</Filter>
    </ClInclude>
    <ClInclude Include="source\CSWaterTerrain.h">
      <Filter>MU\Client\Header Files</Filter>
    </ClInclude>
    <ClInclude Include="source\DuelMgr.h">
      <Filter>MU\Client\Header Files</Filter>
    </ClInclude>
    <ClInclude Include="source\Event.h">
      <Filter>MU\Client\Header Files</Filter>
    </ClInclude>
    <ClInclude Include="source\GambleSystem.h">
      <Filter>MU\Client\Header Files</Filter>
    </ClInclude>
    <ClInclude Include="source\GIPetManager.h">
      <Filter>MU\Client\Header Files</Filter>
    </ClInclude>
    <ClInclude Include="source\GlobalBitmap.h">
      <Filter>MU\Client\Header Files</Filter>
    </ClInclude>
    <ClInclude Include="source\GlobalText.h">
      <Filter>MU\Client\Header Files</Filter>
    </ClInclude>
    <ClInclude Include="source\GOBoid.h">
      <Filter>MU\Client\Header Files</Filter>
    </ClInclude>
    <ClInclude Include="source\GuildCache.h">
      <Filter>MU\Client\Header Files</Filter>
    </ClInclude>
    <ClInclude Include="source\iexplorer.h">
      <Filter>MU\Client\Header Files</Filter>
    </ClInclude>
    <ClInclude Include="source\Local.h">
      <Filter>MU\Client\Header Files</Filter>
    </ClInclude>
    <ClInclude Include="source\MatchEvent.h">
      <Filter>MU\Client\Header Files</Filter>
    </ClInclude>
    <ClInclude Include="source\MixMgr.h">
      <Filter>MU\Client\Header Files</Filter>
    </ClInclude>
    <ClInclude Include="source\MonkSystem.h">
      <Filter>MU\Client\Header Files</Filter>
    </ClInclude>
    <ClInclude Include="source\npcBreeder.h">
      <Filter>MU\Client\Header Files</Filter>
    </ClInclude>
    <ClInclude Include="source\npcCatapult.h">
      <Filter>MU\Client\Header Files</Filter>
    </ClInclude>
    <ClInclude Include="source\npcGateSwitch.h">
      <Filter>MU\Client\Header Files</Filter>
    </ClInclude>
    <ClInclude Include="source\PartyManager.h">
      <Filter>MU\Client\Header Files</Filter>
    </ClInclude>
    <ClInclude Include="source\PhysicsManager.h">
      <Filter>MU\Client\Header Files</Filter>
    </ClInclude>
    <ClInclude Include="source\PortalMgr.h">
      <Filter>MU\Client\Header Files</Filter>
    </ClInclude>
    <ClInclude Include="source\QuestMng.h">
      <Filter>MU\Client\Header Files</Filter>
    </ClInclude>
    <ClInclude Include="source\ReadScript.h">
      <Filter>MU\Client\Header Files</Filter>
    </ClInclude>
    <ClInclude Include="source\ShadowVolume.h">
      <Filter>MU\Client\Header Files</Filter>
    </ClInclude>
    <ClInclude Include="source\SideHair.h">
      <Filter>MU\Client\Header Files</Filter>
    </ClInclude>
    <ClInclude Include="source\Singleton.h">
      <Filter>MU\Client\Header Files</Filter>
    </ClInclude>
    <ClInclude Include="source\SMD.h">
      <Filter>MU\Client\Header Files</Filter>
    </ClInclude>
    <ClInclude Include="source\SocketSystem.h">
      <Filter>MU\Client\Header Files</Filter>
    </ClInclude>
    <ClInclude Include="source\stringset.h">
      <Filter>MU\Client\Header Files</Filter>
    </ClInclude>
    <ClInclude Include="source\SummonSystem.h">
      <Filter>MU\Client\Header Files</Filter>
    </ClInclude>
    <ClInclude Include="source\TextureScript.h">
      <Filter>MU\Client\Header Files</Filter>
    </ClInclude>
    <ClInclude Include="source\UsefulDef.h">
      <Filter>MU\Client\Header Files</Filter>
    </ClInclude>
    <ClInclude Include="source\ZzzAI.h">
      <Filter>MU\Client\Header Files</Filter>
    </ClInclude>
    <ClInclude Include="source\ZzzBMD.h">
      <Filter>MU\Client\Header Files</Filter>
    </ClInclude>
    <ClInclude Include="source\ZzzCharacter.h">
      <Filter>MU\Client\Header Files</Filter>
    </ClInclude>
    <ClInclude Include="source\ZzzInfomation.h">
      <Filter>MU\Client\Header Files</Filter>
    </ClInclude>
    <ClInclude Include="source\ZzzInterface.h">
      <Filter>MU\Client\Header Files</Filter>
    </ClInclude>
    <ClInclude Include="source\ZzzInventory.h">
      <Filter>MU\Client\Header Files</Filter>
    </ClInclude>
    <ClInclude Include="source\ZzzLodTerrain.h">
      <Filter>MU\Client\Header Files</Filter>
    </ClInclude>
    <ClInclude Include="source\ZzzObject.h">
      <Filter>MU\Client\Header Files</Filter>
    </ClInclude>
    <ClInclude Include="source\ZzzOpenData.h">
      <Filter>MU\Client\Header Files</Filter>
    </ClInclude>
    <ClInclude Include="source\ZzzOpenglUtil.h">
      <Filter>MU\Client\Header Files</Filter>
    </ClInclude>
    <ClInclude Include="source\ZzzPath.h">
      <Filter>MU\Client\Header Files</Filter>
    </ClInclude>
    <ClInclude Include="source\Defined_Global.h">
      <Filter>MU\Client\core</Filter>
    </ClInclude>
    <ClInclude Include="source\Winmain.h">
      <Filter>MU\Client\core</Filter>
    </ClInclude>
    <ClInclude Include="source\ZzzScene.h">
      <Filter>MU\Client\core</Filter>
    </ClInclude>
    <ClInclude Include="source\KeyGenerater.h">
      <Filter>MU\Network</Filter>
    </ClInclude>
    <ClInclude Include="source\WSclient.h">
      <Filter>MU\Network\proxy\receive</Filter>
    </ClInclude>
    <ClInclude Include="source\DSPlaySound.h">
      <Filter>MU\Sound</Filter>
    </ClInclude>
    <ClInclude Include="source\DSwaveIO.h">
      <Filter>MU\Sound</Filter>
    </ClInclude>
    <ClInclude Include="source\DSWavRead.h">
      <Filter>MU\Sound</Filter>
    </ClInclude>
    <ClInclude Include="source\SkillEffectMgr.h">
      <Filter>MU\Effect</Filter>
    </ClInclude>
    <ClInclude Include="source\ZzzEffect.h">
      <Filter>MU\Effect</Filter>
    </ClInclude>
    <ClInclude Include="source\ZzzTexture.h">
      <Filter>MU\Graphic\2D\2d_resource</Filter>
    </ClInclude>
    <ClInclude Include="source\NewUI3DRenderMng.h">
      <Filter>MU\Interface\NewUI</Filter>
    </ClInclude>
    <ClInclude Include="source\NewUIBase.h">
      <Filter>MU\Interface\NewUI</Filter>
    </ClInclude>
    <ClInclude Include="source\NewUIBattleSoccerScore.h">
      <Filter>MU\Interface\NewUI</Filter>
    </ClInclude>
    <ClInclude Include="source\NewUIBuffWindow.h">
      <Filter>MU\Interface\NewUI</Filter>
    </ClInclude>
    <ClInclude Include="source\NewUIButton.h">
      <Filter>MU\Interface\NewUI</Filter>
    </ClInclude>
    <ClInclude Include="source\NewUICharacterInfoWindow.h">
      <Filter>MU\Interface\NewUI</Filter>
    </ClInclude>
    <ClInclude Include="source\NewUIChatInputBox.h">
      <Filter>MU\Interface\NewUI</Filter>
    </ClInclude>
    <ClInclude Include="source\NewUIChatLogWindow.h">
      <Filter>MU\Interface\NewUI</Filter>
    </ClInclude>
    <ClInclude Include="source\NewUICommandWindow.h">
      <Filter>MU\Interface\NewUI</Filter>
    </ClInclude>
    <ClInclude Include="source\NewUICommon.h">
      <Filter>MU\Interface\NewUI</Filter>
    </ClInclude>
    <ClInclude Include="source\NewUICommonMessageBox.h">
      <Filter>MU\Interface\NewUI</Filter>
    </ClInclude>
    <ClInclude Include="source\NewUICustomMessageBox.h">
      <Filter>MU\Interface\NewUI</Filter>
    </ClInclude>
    <ClInclude Include="source\NewUIDuelWatchMainFrameWindow.h">
      <Filter>MU\Interface\NewUI</Filter>
    </ClInclude>
    <ClInclude Include="source\NewUIDuelWatchUserListWindow.h">
      <Filter>MU\Interface\NewUI</Filter>
    </ClInclude>
    <ClInclude Include="source\NewUIDuelWatchWindow.h">
      <Filter>MU\Interface\NewUI</Filter>
    </ClInclude>
    <ClInclude Include="source\NewUIDuelWindow.h">
      <Filter>MU\Interface\NewUI</Filter>
    </ClInclude>
    <ClInclude Include="source\NewUIExchangeLuckyCoin.h">
      <Filter>MU\Interface\NewUI</Filter>
    </ClInclude>
    <ClInclude Include="source\NewUIFriendWindow.h">
      <Filter>MU\Interface\NewUI</Filter>
    </ClInclude>
    <ClInclude Include="source\NewUIGensRanking.h">
      <Filter>MU\Interface\NewUI</Filter>
    </ClInclude>
    <ClInclude Include="source\NewUIGoldBowmanLena.h">
      <Filter>MU\Interface\NewUI</Filter>
    </ClInclude>
    <ClInclude Include="source\NewUIGoldBowmanWindow.h">
      <Filter>MU\Interface\NewUI</Filter>
    </ClInclude>
    <ClInclude Include="source\NewUIGroup.h">
      <Filter>MU\Interface\NewUI</Filter>
    </ClInclude>
    <ClInclude Include="source\NewUIGuildInfoWindow.h">
      <Filter>MU\Interface\NewUI</Filter>
    </ClInclude>
    <ClInclude Include="source\NewUIGuildMakeWindow.h">
      <Filter>MU\Interface\NewUI</Filter>
    </ClInclude>
    <ClInclude Include="source\NewUIHelpWindow.h">
      <Filter>MU\Interface\NewUI</Filter>
    </ClInclude>
    <ClInclude Include="source\NewUIHeroPositionInfo.h">
      <Filter>MU\Interface\NewUI</Filter>
    </ClInclude>
    <ClInclude Include="source\NewUIHotKey.h">
      <Filter>MU\Interface\NewUI</Filter>
    </ClInclude>
    <ClInclude Include="source\NewUIInventoryCtrl.h">
      <Filter>MU\Interface\NewUI</Filter>
    </ClInclude>
    <ClInclude Include="source\NewUIItemEnduranceInfo.h">
      <Filter>MU\Interface\NewUI</Filter>
    </ClInclude>
    <ClInclude Include="source\NewUIItemExplanationWindow.h">
      <Filter>MU\Interface\NewUI</Filter>
    </ClInclude>
    <ClInclude Include="source\NewUIItemMng.h">
      <Filter>MU\Interface\NewUI</Filter>
    </ClInclude>
    <ClInclude Include="source\NewUILuckyItemWnd.h">
      <Filter>MU\Interface\NewUI</Filter>
    </ClInclude>
    <ClInclude Include="source\NewUIMainFrameWindow.h">
      <Filter>MU\Interface\NewUI</Filter>
    </ClInclude>
    <ClInclude Include="source\NewUIManager.h">
      <Filter>MU\Interface\NewUI</Filter>
    </ClInclude>
    <ClInclude Include="source\NewUIMasterLevel.h">
      <Filter>MU\Interface\NewUI</Filter>
    </ClInclude>
    <ClInclude Include="source\NewUIMessageBox.h">
      <Filter>MU\Interface\NewUI</Filter>
    </ClInclude>
    <ClInclude Include="source\NewUIMiniMap.h">
      <Filter>MU\Interface\NewUI</Filter>
    </ClInclude>
    <ClInclude Include="source\NewUIMixInventory.h">
      <Filter>MU\Interface\NewUI</Filter>
    </ClInclude>
    <ClInclude Include="source\NewUIMoveCommandWindow.h">
      <Filter>MU\Interface\NewUI</Filter>
    </ClInclude>
    <ClInclude Include="source\NewUIMyInventory.h">
      <Filter>MU\Interface\NewUI</Filter>
    </ClInclude>
    <ClInclude Include="source\NewUIMyQuestInfoWindow.h">
      <Filter>MU\Interface\NewUI</Filter>
    </ClInclude>
    <ClInclude Include="source\NewUIMyShopInventory.h">
      <Filter>MU\Interface\NewUI</Filter>
    </ClInclude>
    <ClInclude Include="source\NewUINameWindow.h">
      <Filter>MU\Interface\NewUI</Filter>
    </ClInclude>
    <ClInclude Include="source\NewUINPCDialogue.h">
      <Filter>MU\Interface\NewUI</Filter>
    </ClInclude>
    <ClInclude Include="source\NewUINPCQuest.h">
      <Filter>MU\Interface\NewUI</Filter>
    </ClInclude>
    <ClInclude Include="source\NewUINPCShop.h">
      <Filter>MU\Interface\NewUI</Filter>
    </ClInclude>
    <ClInclude Include="source\NewUIOptionWindow.h">
      <Filter>MU\Interface\NewUI</Filter>
    </ClInclude>
    <ClInclude Include="source\NewUIPartyInfoWindow.h">
      <Filter>MU\Interface\NewUI</Filter>
    </ClInclude>
    <ClInclude Include="source\NewUIPartyListWindow.h">
      <Filter>MU\Interface\NewUI</Filter>
    </ClInclude>
    <ClInclude Include="source\NewUIPetInfoWindow.h">
      <Filter>MU\Interface\NewUI</Filter>
    </ClInclude>
    <ClInclude Include="source\NewUIPurchaseShopInventory.h">
      <Filter>MU\Interface\NewUI</Filter>
    </ClInclude>
    <ClInclude Include="source\NewUIQuestProgress.h">
      <Filter>MU\Interface\NewUI</Filter>
    </ClInclude>
    <ClInclude Include="source\NewUIQuestProgressByEtc.h">
      <Filter>MU\Interface\NewUI</Filter>
    </ClInclude>
    <ClInclude Include="source\NewUIQuickCommandWindow.h">
      <Filter>MU\Interface\NewUI</Filter>
    </ClInclude>
    <ClInclude Include="source\NewUIRegistrationLuckyCoin.h">
      <Filter>MU\Interface\NewUI</Filter>
    </ClInclude>
    <ClInclude Include="source\NewUIRenderNumber.h">
      <Filter>MU\Interface\NewUI</Filter>
    </ClInclude>
    <ClInclude Include="source\NewUIScrollBar.h">
      <Filter>MU\Interface\NewUI</Filter>
    </ClInclude>
    <ClInclude Include="source\NewUISetItemExplanation.h">
      <Filter>MU\Interface\NewUI</Filter>
    </ClInclude>
    <ClInclude Include="source\NewUISlideWindow.h">
      <Filter>MU\Interface\NewUI</Filter>
    </ClInclude>
    <ClInclude Include="source\NewUIStorageInventory.h">
      <Filter>MU\Interface\NewUI</Filter>
    </ClInclude>
    <ClInclude Include="source\NewUISystem.h">
      <Filter>MU\Interface\NewUI</Filter>
    </ClInclude>
    <ClInclude Include="source\NewUITextBox.h">
      <Filter>MU\Interface\NewUI</Filter>
    </ClInclude>
    <ClInclude Include="source\NewUITrade.h">
      <Filter>MU\Interface\NewUI</Filter>
    </ClInclude>
    <ClInclude Include="source\NewUIUnitedMarketPlaceWindow.h">
      <Filter>MU\Interface\NewUI</Filter>
    </ClInclude>
    <ClInclude Include="source\NewUIWindowMenu.h">
      <Filter>MU\Interface\NewUI</Filter>
    </ClInclude>
    <ClInclude Include="source\NewUICursedTempleEnter.h">
      <Filter>MU\Interface\NewUI\EventMapUI\CursedTemple</Filter>
    </ClInclude>
    <ClInclude Include="source\NewUICursedTempleResult.h">
      <Filter>MU\Interface\NewUI\EventMapUI\CursedTemple</Filter>
    </ClInclude>
    <ClInclude Include="source\NewUICursedTempleSystem.h">
      <Filter>MU\Interface\NewUI\EventMapUI\CursedTemple</Filter>
    </ClInclude>
    <ClInclude Include="source\NewChaosCastleSystem.h">
      <Filter>MU\Interface\NewUI\EventMapUI\ChaosCastle</Filter>
    </ClInclude>
    <ClInclude Include="source\NewUIChaosCastleTime.h">
      <Filter>MU\Interface\NewUI\EventMapUI\ChaosCastle</Filter>
    </ClInclude>
    <ClInclude Include="source\NewBloodCastleSystem.h">
      <Filter>MU\Interface\NewUI\EventMapUI\BloodCastle</Filter>
    </ClInclude>
    <ClInclude Include="source\NewUIBloodCastleEnter.h">
      <Filter>MU\Interface\NewUI\EventMapUI\BloodCastle</Filter>
    </ClInclude>
    <ClInclude Include="source\NewUIBloodCastleTime.h">
      <Filter>MU\Interface\NewUI\EventMapUI\BloodCastle</Filter>
    </ClInclude>
    <ClInclude Include="source\NewUIKanturuEvent.h">
      <Filter>MU\Interface\NewUI\EventMapUI\KanturuEvent</Filter>
    </ClInclude>
    <ClInclude Include="source\NewUIEnterDevilSquare.h">
      <Filter>MU\Interface\NewUI\EventMapUI\DevilSquare</Filter>
    </ClInclude>
    <ClInclude Include="source\NewUICastleWindow.h">
      <Filter>MU\Interface\NewUI\EventMapUI\SiegeWar</Filter>
    </ClInclude>
    <ClInclude Include="source\NewUICatapultWindow.h">
      <Filter>MU\Interface\NewUI\EventMapUI\SiegeWar</Filter>
    </ClInclude>
    <ClInclude Include="source\NewUIGatemanWindow.h">
      <Filter>MU\Interface\NewUI\EventMapUI\SiegeWar</Filter>
    </ClInclude>
    <ClInclude Include="source\NewUIGateSwitchWindow.h">
      <Filter>MU\Interface\NewUI\EventMapUI\SiegeWar</Filter>
    </ClInclude>
    <ClInclude Include="source\NewUIGuardWindow.h">
      <Filter>MU\Interface\NewUI\EventMapUI\SiegeWar</Filter>
    </ClInclude>
    <ClInclude Include="source\NewUISeigeWarfare.h">
      <Filter>MU\Interface\NewUI\EventMapUI\SiegeWar</Filter>
    </ClInclude>
    <ClInclude Include="source\NewUISiegeWarBase.h">
      <Filter>MU\Interface\NewUI\EventMapUI\SiegeWar</Filter>
    </ClInclude>
    <ClInclude Include="source\NewUISiegeWarCommander.h">
      <Filter>MU\Interface\NewUI\EventMapUI\SiegeWar</Filter>
    </ClInclude>
    <ClInclude Include="source\NewUISiegeWarObserver.h">
      <Filter>MU\Interface\NewUI\EventMapUI\SiegeWar</Filter>
    </ClInclude>
    <ClInclude Include="source\NewUISiegeWarSoldier.h">
      <Filter>MU\Interface\NewUI\EventMapUI\SiegeWar</Filter>
    </ClInclude>
    <ClInclude Include="source\NewUICryWolf.h">
      <Filter>MU\Interface\NewUI\EventMapUI\CryWolf</Filter>
    </ClInclude>
    <ClInclude Include="source\NewUIDoppelGangerFrame.h">
      <Filter>MU\Interface\NewUI\EventMapUI\DoppelGanger</Filter>
    </ClInclude>
    <ClInclude Include="source\NewUIDoppelGangerWindow.h">
      <Filter>MU\Interface\NewUI\EventMapUI\DoppelGanger</Filter>
    </ClInclude>
    <ClInclude Include="source\NewUIEmpireGuardianNPC.h">
      <Filter>MU\Interface\NewUI\EventMapUI\EmpireGuardian</Filter>
    </ClInclude>
    <ClInclude Include="source\NewUIEmpireGuardianTimer.h">
      <Filter>MU\Interface\NewUI\EventMapUI\EmpireGuardian</Filter>
    </ClInclude>
    <ClInclude Include="source\w_BaseMap.h">
      <Filter>MU\Map\NewMap</Filter>
    </ClInclude>
    <ClInclude Include="source\w_MapHeaders.h">
      <Filter>MU\Map\NewMap</Filter>
    </ClInclude>
    <ClInclude Include="source\w_MapProcess.h">
      <Filter>MU\Map\NewMap</Filter>
    </ClInclude>
    <ClInclude Include="source\GM3rdChangeUp.h">
      <Filter>MU\Map\NewMap\MapExpress</Filter>
    </ClInclude>
    <ClInclude Include="source\GM_Kanturu_1st.h">
      <Filter>MU\Map\NewMap\MapExpress</Filter>
    </ClInclude>
    <ClInclude Include="source\GM_Kanturu_2nd.h">
      <Filter>MU\Map\NewMap\MapExpress</Filter>
    </ClInclude>
    <ClInclude Include="source\GM_Kanturu_3rd.h">
      <Filter>MU\Map\NewMap\MapExpress</Filter>
    </ClInclude>
    <ClInclude Include="source\GM_PK_Field.h">
      <Filter>MU\Map\NewMap\MapExpress</Filter>
    </ClInclude>
    <ClInclude Include="source\GM_Raklion.h">
      <Filter>MU\Map\NewMap\MapExpress</Filter>
    </ClInclude>
    <ClInclude Include="source\GMAida.h">
      <Filter>MU\Map\NewMap\MapExpress</Filter>
    </ClInclude>
    <ClInclude Include="source\GMBattleCastle.h">
      <Filter>MU\Map\NewMap\MapExpress</Filter>
    </ClInclude>
    <ClInclude Include="source\GMCryingWolf2nd.h">
      <Filter>MU\Map\NewMap\MapExpress</Filter>
    </ClInclude>
    <ClInclude Include="source\GMCrywolf1st.h">
      <Filter>MU\Map\NewMap\MapExpress</Filter>
    </ClInclude>
    <ClInclude Include="source\GMDoppelGanger1.h">
      <Filter>MU\Map\NewMap\MapExpress</Filter>
    </ClInclude>
    <ClInclude Include="source\GMDoppelGanger2.h">
      <Filter>MU\Map\NewMap\MapExpress</Filter>
    </ClInclude>
    <ClInclude Include="source\GMDoppelGanger3.h">
      <Filter>MU\Map\NewMap\MapExpress</Filter>
    </ClInclude>
    <ClInclude Include="source\GMDoppelGanger4.h">
      <Filter>MU\Map\NewMap\MapExpress</Filter>
    </ClInclude>
    <ClInclude Include="source\GMDuelArena.h">
      <Filter>MU\Map\NewMap\MapExpress</Filter>
    </ClInclude>
    <ClInclude Include="source\GMEmpireGuardian1.h">
      <Filter>MU\Map\NewMap\MapExpress</Filter>
    </ClInclude>
    <ClInclude Include="source\GMEmpireGuardian2.h">
      <Filter>MU\Map\NewMap\MapExpress</Filter>
    </ClInclude>
    <ClInclude Include="source\GMEmpireGuardian3.h">
      <Filter>MU\Map\NewMap\MapExpress</Filter>
    </ClInclude>
    <ClInclude Include="source\GMEmpireGuardian4.h">
      <Filter>MU\Map\NewMap\MapExpress</Filter>
    </ClInclude>
    <ClInclude Include="source\GMGmArea.h">
      <Filter>MU\Map\NewMap\MapExpress</Filter>
    </ClInclude>
    <ClInclude Include="source\GMHellas.h">
      <Filter>MU\Map\NewMap\MapExpress</Filter>
    </ClInclude>
    <ClInclude Include="source\GMHuntingGround.h">
      <Filter>MU\Map\NewMap\MapExpress</Filter>
    </ClInclude>
    <ClInclude Include="source\GMKarutan1.h">
      <Filter>MU\Map\NewMap\MapExpress</Filter>
    </ClInclude>
    <ClInclude Include="source\GMNewTown.h">
      <Filter>MU\Map\NewMap\MapExpress</Filter>
    </ClInclude>
    <ClInclude Include="source\GMSantaTown.h">
      <Filter>MU\Map\NewMap\MapExpress</Filter>
    </ClInclude>
    <ClInclude Include="source\GMSwampOfQuiet.h">
      <Filter>MU\Map\NewMap\MapExpress</Filter>
    </ClInclude>
    <ClInclude Include="source\GMUnitedMarketPlace.h">
      <Filter>MU\Map\NewMap\MapExpress</Filter>
    </ClInclude>
    <ClInclude Include="source\w_CursedTemple.h">
      <Filter>MU\Map\NewMap\MapExpress</Filter>
    </ClInclude>
    <ClInclude Include="source\w_BasePet.h">
      <Filter>MU\Pet</Filter>
    </ClInclude>
    <ClInclude Include="source\w_PetAction.h">
      <Filter>MU\Pet</Filter>
    </ClInclude>
    <ClInclude Include="source\w_PetProcess.h">
      <Filter>MU\Pet</Filter>
    </ClInclude>
    <ClInclude Include="source\w_PetActionCollecter.h">
      <Filter>MU\Pet\ActionExpress</Filter>
    </ClInclude>
    <ClInclude Include="source\w_PetActionCollecter_Add.h">
      <Filter>MU\Pet\ActionExpress</Filter>
    </ClInclude>
    <ClInclude Include="source\w_PetActionDemon.h">
      <Filter>MU\Pet\ActionExpress</Filter>
    </ClInclude>
    <ClInclude Include="source\w_PetActionRound.h">
      <Filter>MU\Pet\ActionExpress</Filter>
    </ClInclude>
    <ClInclude Include="source\w_PetActionStand.h">
      <Filter>MU\Pet\ActionExpress</Filter>
    </ClInclude>
    <ClInclude Include="source\w_PetActionUnicorn.h">
      <Filter>MU\Pet\ActionExpress</Filter>
    </ClInclude>
    <ClInclude Include="source\ServerGroup.h">
      <Filter>MU\Network\ServerListSystem</Filter>
    </ClInclude>
    <ClInclude Include="source\ServerInfo.h">
      <Filter>MU\Network\ServerListSystem</Filter>
    </ClInclude>
    <ClInclude Include="source\ServerListManager.h">
      <Filter>MU\Network\ServerListSystem</Filter>
    </ClInclude>
    <ClInclude Include="source\MultiLanguage.h">
      <Filter>MU\Text\MultiLanguageSystem</Filter>
    </ClInclude>
    <ClInclude Include="source\Math\ZzzMathLib.h">
      <Filter>MU\Graphic\Vector</Filter>
    </ClInclude>
    <ClInclude Include="source\Time\CTimCheck.h">
      <Filter>External Object\time</Filter>
    </ClInclude>
    <ClInclude Include="source\Time\Timer.h">
      <Filter>External Object\time</Filter>
    </ClInclude>
    <ClInclude Include="source\Utilities\Log\ErrorReport.h">
      <Filter>Utilities\log</Filter>
    </ClInclude>
    <ClInclude Include="source\Utilities\Log\muConsoleDebug.h">
      <Filter>Utilities\log</Filter>
    </ClInclude>
    <ClInclude Include="source\Utilities\Log\WindowsConsole.h">
      <Filter>Utilities\log</Filter>
    </ClInclude>
    <ClInclude Include="source\w_WindowMessageHandler.h">
      <Filter>MU\Common</Filter>
    </ClInclude>
    <ClInclude Include="source\MapManager.h">
      <Filter>MU\Map</Filter>
    </ClInclude>
    <ClInclude Include="source\LoadData.h">
      <Filter>MU\Load</Filter>
    </ClInclude>
    <ClInclude Include="source\SkillManager.h">
      <Filter>MU\Skill</Filter>
    </ClInclude>
    <ClInclude Include="source\CharacterManager.h">
      <Filter>MU\Character</Filter>
    </ClInclude>
    <ClInclude Include="source\w_BuffScriptLoader.h">
      <Filter>MU\Buff</Filter>
    </ClInclude>
    <ClInclude Include="source\w_BuffStateSystem.h">
      <Filter>MU\Buff</Filter>
    </ClInclude>
    <ClInclude Include="source\w_BuffStateValueControl.h">
      <Filter>MU\Buff</Filter>
    </ClInclude>
    <ClInclude Include="source\w_BuffTimeControl.h">
      <Filter>MU\Buff</Filter>
    </ClInclude>
    <ClInclude Include="source\w_CharacterInfo.h">
      <Filter>MU\Character</Filter>
    </ClInclude>
    <ClInclude Include="source\w_ObjectInfo.h">
      <Filter>MU\Character</Filter>
    </ClInclude>
    <ClInclude Include="source\w_Buff.h">
      <Filter>MU\Buff</Filter>
    </ClInclude>
    <ClInclude Include="source\ItemManager.h">
      <Filter>MU\Item</Filter>
    </ClInclude>
    <ClInclude Include="source\MoveCommandData.h">
      <Filter>MU\Map</Filter>
    </ClInclude>
    <ClInclude Include="source\GameShop\InGameShopSystem.h">
      <Filter>MU\GameShop</Filter>
    </ClInclude>
    <ClInclude Include="source\GameShop\MsgBoxIGSBuyConfirm.h">
      <Filter>MU\GameShop</Filter>
    </ClInclude>
    <ClInclude Include="source\GameShop\MsgBoxIGSBuyPackageItem.h">
      <Filter>MU\GameShop</Filter>
    </ClInclude>
    <ClInclude Include="source\GameShop\MsgBoxIGSBuySelectItem.h">
      <Filter>MU\GameShop</Filter>
    </ClInclude>
    <ClInclude Include="source\GameShop\MsgBoxIGSCommon.h">
      <Filter>MU\GameShop</Filter>
    </ClInclude>
    <ClInclude Include="source\GameShop\MsgBoxIGSDeleteItemConfirm.h">
      <Filter>MU\GameShop</Filter>
    </ClInclude>
    <ClInclude Include="source\GameShop\MsgBoxIGSGiftStorageItemInfo.h">
      <Filter>MU\GameShop</Filter>
    </ClInclude>
    <ClInclude Include="source\GameShop\MsgBoxIGSSendGift.h">
      <Filter>MU\GameShop</Filter>
    </ClInclude>
    <ClInclude Include="source\GameShop\MsgBoxIGSSendGiftConfirm.h">
      <Filter>MU\GameShop</Filter>
    </ClInclude>
    <ClInclude Include="source\GameShop\MsgBoxIGSStorageItemInfo.h">
      <Filter>MU\GameShop</Filter>
    </ClInclude>
    <ClInclude Include="source\GameShop\MsgBoxIGSUseBuffConfirm.h">
      <Filter>MU\GameShop</Filter>
    </ClInclude>
    <ClInclude Include="source\GameShop\MsgBoxIGSUseItemConfirm.h">
      <Filter>MU\GameShop</Filter>
    </ClInclude>
    <ClInclude Include="source\GameShop\NewUIInGameShop.h">
      <Filter>MU\GameShop</Filter>
    </ClInclude>
    <ClInclude Include="source\GameShop\ShopListManager\BannerInfo.h">
      <Filter>MU\GameShop\ShopListManager</Filter>
    </ClInclude>
    <ClInclude Include="source\GameShop\ShopListManager\BannerInfoList.h">
      <Filter>MU\GameShop\ShopListManager</Filter>
    </ClInclude>
    <ClInclude Include="source\GameShop\ShopListManager\BannerListManager.h">
      <Filter>MU\GameShop\ShopListManager</Filter>
    </ClInclude>
    <ClInclude Include="source\GameShop\ShopListManager\FTPFileDownLoader.h">
      <Filter>MU\GameShop\ShopListManager</Filter>
    </ClInclude>
    <ClInclude Include="source\GameShop\ShopListManager\Include.h">
      <Filter>MU\GameShop\ShopListManager</Filter>
    </ClInclude>
    <ClInclude Include="source\GameShop\ShopListManager\ListManager.h">
      <Filter>MU\GameShop\ShopListManager</Filter>
    </ClInclude>
    <ClInclude Include="source\GameShop\ShopListManager\ShopCategory.h">
      <Filter>MU\GameShop\ShopListManager</Filter>
    </ClInclude>
    <ClInclude Include="source\GameShop\ShopListManager\ShopCategoryList.h">
      <Filter>MU\GameShop\ShopListManager</Filter>
    </ClInclude>
    <ClInclude Include="source\GameShop\ShopListManager\ShopList.h">
      <Filter>MU\GameShop\ShopListManager</Filter>
    </ClInclude>
    <ClInclude Include="source\GameShop\ShopListManager\ShopListManager.h">
      <Filter>MU\GameShop\ShopListManager</Filter>
    </ClInclude>
    <ClInclude Include="source\GameShop\ShopListManager\ShopPackage.h">
      <Filter>MU\GameShop\ShopListManager</Filter>
    </ClInclude>
    <ClInclude Include="source\GameShop\ShopListManager\ShopPackageList.h">
      <Filter>MU\GameShop\ShopListManager</Filter>
    </ClInclude>
    <ClInclude Include="source\GameShop\ShopListManager\ShopProduct.h">
      <Filter>MU\GameShop\ShopListManager</Filter>
    </ClInclude>
    <ClInclude Include="source\GameShop\ShopListManager\ShopProductList.h">
      <Filter>MU\GameShop\ShopListManager</Filter>
    </ClInclude>
    <ClInclude Include="source\GameShop\ShopListManager\StringMethod.h">
      <Filter>MU\GameShop\ShopListManager</Filter>
    </ClInclude>
    <ClInclude Include="source\GameShop\ShopListManager\StringToken.h">
      <Filter>MU\GameShop\ShopListManager</Filter>
    </ClInclude>
    <ClInclude Include="source\GameShop\ShopListManager\interface\DownloadInfo.h">
      <Filter>MU\GameShop\ShopListManager\interface</Filter>
    </ClInclude>
    <ClInclude Include="source\GameShop\ShopListManager\interface\FileDownloader.h">
      <Filter>MU\GameShop\ShopListManager\interface</Filter>
    </ClInclude>
    <ClInclude Include="source\GameShop\ShopListManager\interface\FTPConnecter.h">
      <Filter>MU\GameShop\ShopListManager\interface</Filter>
    </ClInclude>
    <ClInclude Include="source\GameShop\ShopListManager\interface\HTTPConnecter.h">
      <Filter>MU\GameShop\ShopListManager\interface</Filter>
    </ClInclude>
    <ClInclude Include="source\GameShop\ShopListManager\interface\IConnecter.h">
      <Filter>MU\GameShop\ShopListManager\interface</Filter>
    </ClInclude>
    <ClInclude Include="source\GameShop\ShopListManager\interface\IDownloaderStateEvent.h">
      <Filter>MU\GameShop\ShopListManager\interface</Filter>
    </ClInclude>
    <ClInclude Include="source\GameShop\ShopListManager\interface\Include.h">
      <Filter>MU\GameShop\ShopListManager\interface</Filter>
    </ClInclude>
    <ClInclude Include="source\GameShop\ShopListManager\interface\WZResult\ErrorCodeDefine.h">
      <Filter>MU\GameShop\ShopListManager\interface\WZResult</Filter>
    </ClInclude>
    <ClInclude Include="source\GameShop\ShopListManager\interface\WZResult\WZResult.h">
      <Filter>MU\GameShop\ShopListManager\interface\WZResult</Filter>
    </ClInclude>
    <ClInclude Include="source\GameShop\ShopListManager\interface\PathMethod\Path.h">
      <Filter>MU\GameShop\ShopListManager\interface\PathMethod</Filter>
    </ClInclude>
    <ClInclude Include="source\GameShop\FileDownloader\FTPConnecter.h">
      <Filter>MU\GameShop\FileDownloader</Filter>
    </ClInclude>
    <ClInclude Include="source\GameShop\FileDownloader\HTTPConnecter.h">
      <Filter>MU\GameShop\FileDownloader</Filter>
    </ClInclude>
    <ClInclude Include="source\GameShop\FileDownloader\Include.h">
      <Filter>MU\GameShop\FileDownloader</Filter>
    </ClInclude>
    <ClInclude Include="source\ExternalObject\Leaf\regkey.h">
      <Filter>External Object\Leaf</Filter>
    </ClInclude>
    <ClInclude Include="afxres.h">
      <Filter>Resource Files</Filter>
    </ClInclude>
    <ClInclude Include="source\Dotnet\Connection.h">
      <Filter>MU\Dotnet</Filter>
    </ClInclude>
    <ClInclude Include="source\NewUIInventoryExtension.h">
      <Filter>MU\Client\Header Files</Filter>
    </ClInclude>
    <ClInclude Include="source\NewUIMuHelper.h">
      <Filter>MU\Client\Header Files</Filter>
    </ClInclude>
    <ClInclude Include="source\NewUIStorageInventoryExt.h">
      <Filter>MU\Client\Header Files</Filter>
    </ClInclude>
    <ClInclude Include="source\SpinLock.h">
      <Filter>MU\Client\Header Files</Filter>
    </ClInclude>
    <ClInclude Include="source\Dotnet\PacketFunctions_ChatServer.h">
      <Filter>MU\Dotnet</Filter>
    </ClInclude>
    <ClInclude Include="source\Dotnet\PacketFunctions_ClientToServer.h">
      <Filter>MU\Dotnet</Filter>
    </ClInclude>
    <ClInclude Include="source\Dotnet\PacketFunctions_ConnectServer.h">
      <Filter>MU\Dotnet</Filter>
    </ClInclude>
    <ClInclude Include="source\Dotnet\PacketBindings_ChatServer.h">
      <Filter>MU\Dotnet</Filter>
    </ClInclude>
    <ClInclude Include="source\Dotnet\PacketBindings_ClientToServer.h">
      <Filter>MU\Dotnet</Filter>
    </ClInclude>
    <ClInclude Include="source\Dotnet\PacketBindings_ConnectServer.h">
      <Filter>MU\Dotnet</Filter>
    </ClInclude>
    <ClInclude Include="source\ExternalObject\Leaf\xstreambuf.h">
      <Filter>MU\Client\Header Files</Filter>
    </ClInclude>
    <ClInclude Include="source\Dotnet\PacketFunctions_Custom.h">
      <Filter>MU\Dotnet</Filter>
    </ClInclude>
    <ClInclude Include="dependencies\include\span.hpp">
      <Filter>External Object</Filter>
    </ClInclude>
    <ClInclude Include="source\MUHelper\MuHelper.h">
      <Filter>MU\MUHelper</Filter>
    </ClInclude>
    <ClInclude Include="source\MUHelper\MuHelperData.h">
      <Filter>MU\Client\Header Files</Filter>
    </ClInclude>
    <ClInclude Include="source\Utilities\CpuUsage.h">
      <Filter>MU\Client\Header Files</Filter>
    </ClInclude>
    <ClInclude Include="source\Utilities\Debouncer.h">
      <Filter>MU\Client\Header Files</Filter>
    </ClInclude>
    <ClInclude Include="source\_crypt.h">
      <Filter>MU\Client\Header Files</Filter>
    </ClInclude>
    <ClInclude Include="source\CharInfoBalloonMng.h">
      <Filter>MU\Client\Header Files</Filter>
    </ClInclude>
  </ItemGroup>
  <ItemGroup>
    <None Include="script\Mu_Chs.py">
      <Filter>External Object\ResourceGuard\Script</Filter>
    </None>
    <None Include="script\Mu_Eng.py">
      <Filter>External Object\ResourceGuard\Script</Filter>
    </None>
    <None Include="script\Mu_Jpn.py">
      <Filter>External Object\ResourceGuard\Script</Filter>
    </None>
    <None Include="script\Mu_Kor_Blue.py">
      <Filter>External Object\ResourceGuard\Script</Filter>
    </None>
    <None Include="script\Mu_Kor_Red.py">
      <Filter>External Object\ResourceGuard\Script</Filter>
    </None>
    <None Include="script\Mu_Kor_Red_Test.py">
      <Filter>External Object\ResourceGuard\Script</Filter>
    </None>
    <None Include="script\Mu_Phi.py">
      <Filter>External Object\ResourceGuard\Script</Filter>
    </None>
    <None Include="script\Mu_Tai.py">
      <Filter>External Object\ResourceGuard\Script</Filter>
    </None>
    <None Include="script\Mu_Tha.py">
      <Filter>External Object\ResourceGuard\Script</Filter>
    </None>
    <None Include="script\Mu_Vie.py">
      <Filter>External Object\ResourceGuard\Script</Filter>
    </None>
  </ItemGroup>
</Project>