
Microsoft Visual Studio Solution File, Format Version 12.00
# Visual Studio Version 16
VisualStudioVersion = 16.0.31911.196
MinimumVisualStudioVersion = 10.0.40219.1
Project("{8BC9CEB8-8B4A-11D0-8D11-00A0C91BC942}") = "GameServer", "GameServer\GameServer.vcxproj", "{93F80160-07A8-42A6-B46C-70B72AFF74C4}"
EndProject
Global
	GlobalSection(SolutionConfigurationPlatforms) = preSolution
		Debug|Win32 = Debug|Win32
		Release_EX502|Win32 = Release_EX502|Win32
		Release_EX502CS|Win32 = Release_EX502CS|Win32
	EndGlobalSection
	GlobalSection(ProjectConfigurationPlatforms) = postSolution
		{93F80160-07A8-42A6-B46C-70B72AFF74C4}.Debug|Win32.ActiveCfg = Debug|Win32
		{93F80160-07A8-42A6-B46C-70B72AFF74C4}.Debug|Win32.Build.0 = Debug|Win32
		{93F80160-07A8-42A6-B46C-70B72AFF74C4}.Release_EX502|Win32.ActiveCfg = Release_EX502|Win32
		{93F80160-07A8-42A6-B46C-70B72AFF74C4}.Release_EX502|Win32.Build.0 = Release_EX502|Win32
		{93F80160-07A8-42A6-B46C-70B72AFF74C4}.Release_EX502CS|Win32.ActiveCfg = Release_EX502|Win32
		{93F80160-07A8-42A6-B46C-70B72AFF74C4}.Release_EX502CS|Win32.Build.0 = Release_EX502|Win32
	EndGlobalSection
	GlobalSection(SolutionProperties) = preSolution
		HideSolutionNode = FALSE
	EndGlobalSection
	GlobalSection(ExtensibilityGlobals) = postSolution
		SolutionGuid = {2B400D41-8712-4473-9B6A-74906B0D7061}
	EndGlobalSection
EndGlobal
